// !$*UTF8*$!
{
	archiveVersion = 1;
	classes = {
	};
	objectVersion = 46;
	objects = {

/* Begin PBXBuildFile section */
		06BF62BF150F42D100281999 /* Foundation.framework in Frameworks */ = {isa = PBXBuildFile; fileRef = 06BF62BE150F42D100281999 /* Foundation.framework */; };
		06BF62EE150F445300281999 /* SCQRCodeReader.h in Headers */ = {isa = PBXBuildFile; fileRef = 06BF62ED150F445300281999 /* SCQRCodeReader.h */; };
		06BF6308150F45B100281999 /* libZXingWidget.a in Frameworks */ = {isa = PBXBuildFile; fileRef = 06BF62F9150F456B00281999 /* libZXingWidget.a */; };
		06BF630C150F460B00281999 /* SCQRCodeReaderView.mm in Sources */ = {isa = PBXBuildFile; fileRef = 06BF630A150F460B00281999 /* SCQRCodeReaderView.mm */; };
		06BF6311150F468F00281999 /* SCQRCodeReaderView.h in Headers */ = {isa = PBXBuildFile; fileRef = 06BF630F150F468F00281999 /* SCQRCodeReaderView.h */; };
		06BF6312150F468F00281999 /* SCQRCodeReaderViewDelegate.h in Headers */ = {isa = PBXBuildFile; fileRef = 06BF6310150F468F00281999 /* SCQRCodeReaderViewDelegate.h */; };
/* End PBXBuildFile section */

/* Begin PBXContainerItemProxy section */
		06BF62F8150F456B00281999 /* PBXContainerItemProxy */ = {
			isa = PBXContainerItemProxy;
			containerPortal = 06BF62F0150F456A00281999 /* ZXingWidget.xcodeproj */;
			proxyType = 2;
			remoteGlobalIDString = D2AAC07E0554694100DB518D;
			remoteInfo = ZXingWidget;
		};
		06BF62FA150F456B00281999 /* PBXContainerItemProxy */ = {
			isa = PBXContainerItemProxy;
			containerPortal = 06BF62F0150F456A00281999 /* ZXingWidget.xcodeproj */;
			proxyType = 2;
			remoteGlobalIDString = 1D60398D13DF7CAD006F4B51;
			remoteInfo = ZXingTests;
		};
		06BF62FC150F458600281999 /* PBXContainerItemProxy */ = {
			isa = PBXContainerItemProxy;
			containerPortal = 06BF62F0150F456A00281999 /* ZXingWidget.xcodeproj */;
			proxyType = 1;
			remoteGlobalIDString = D2AAC07D0554694100DB518D;
			remoteInfo = ZXingWidget;
		};
/* End PBXContainerItemProxy section */

/* Begin PBXFileReference section */
		06BF62BB150F42D100281999 /* libSCQRCodeReader.a */ = {isa = PBXFileReference; explicitFileType = archive.ar; includeInIndex = 0; path = libSCQRCodeReader.a; sourceTree = BUILT_PRODUCTS_DIR; };
		06BF62BE150F42D100281999 /* Foundation.framework */ = {isa = PBXFileReference; lastKnownFileType = wrapper.framework; name = Foundation.framework; path = System/Library/Frameworks/Foundation.framework; sourceTree = SDKROOT; };
		06BF62C2150F42D100281999 /* SCQRCodeReader-Prefix.pch */ = {isa = PBXFileReference; lastKnownFileType = sourcecode.c.h; path = "SCQRCodeReader-Prefix.pch"; sourceTree = "<group>"; };
		06BF62ED150F445300281999 /* SCQRCodeReader.h */ = {isa = PBXFileReference; fileEncoding = 4; lastKnownFileType = sourcecode.c.h; path = SCQRCodeReader.h; sourceTree = "<group>"; };
		06BF62F0150F456A00281999 /* ZXingWidget.xcodeproj */ = {isa = PBXFileReference; lastKnownFileType = "wrapper.pb-project"; name = ZXingWidget.xcodeproj; path = "../../lib-third-party/ZXing/iphone/ZXingWidget/ZXingWidget.xcodeproj"; sourceTree = "<group>"; };
		06BF630A150F460B00281999 /* SCQRCodeReaderView.mm */ = {isa = PBXFileReference; fileEncoding = 4; lastKnownFileType = sourcecode.cpp.objcpp; path = SCQRCodeReaderView.mm; sourceTree = "<group>"; };
		06BF630F150F468F00281999 /* SCQRCodeReaderView.h */ = {isa = PBXFileReference; fileEncoding = 4; lastKnownFileType = sourcecode.c.h; name = SCQRCodeReaderView.h; path = SitecoreMobileUI/SCQRCodeReaderView.h; sourceTree = SOURCE_ROOT; };
		06BF6310150F468F00281999 /* SCQRCodeReaderViewDelegate.h */ = {isa = PBXFileReference; fileEncoding = 4; lastKnownFileType = sourcecode.c.h; name = SCQRCodeReaderViewDelegate.h; path = SitecoreMobileUI/SCQRCodeReaderViewDelegate.h; sourceTree = SOURCE_ROOT; };
		7ED7F32F18D1D9D6009BFBCE /* SCQRCodeReader.h */ = {isa = PBXFileReference; lastKnownFileType = sourcecode.c.h; name = SCQRCodeReader.h; path = SitecoreMobileUI/SCQRCodeReader.h; sourceTree = SOURCE_ROOT; };
/* End PBXFileReference section */

/* Begin PBXFrameworksBuildPhase section */
		06BF62B8150F42D100281999 /* Frameworks */ = {
			isa = PBXFrameworksBuildPhase;
			buildActionMask = 2147483647;
			files = (
				06BF6308150F45B100281999 /* libZXingWidget.a in Frameworks */,
				06BF62BF150F42D100281999 /* Foundation.framework in Frameworks */,
			);
			runOnlyForDeploymentPostprocessing = 0;
		};
/* End PBXFrameworksBuildPhase section */

/* Begin PBXGroup section */
		06BF62B0150F42D100281999 = {
			isa = PBXGroup;
			children = (
				06BF62C0150F42D100281999 /* SCQRCodeReader */,
				06BF62BD150F42D100281999 /* Frameworks */,
				06BF62BC150F42D100281999 /* Products */,
				06BF62EF150F44D100281999 /* Dependencies */,
				06BF62CB150F436200281999 /* SitecoreMobileSDK */,
			);
			sourceTree = "<group>";
		};
		06BF62BC150F42D100281999 /* Products */ = {
			isa = PBXGroup;
			children = (
				06BF62BB150F42D100281999 /* libSCQRCodeReader.a */,
			);
			name = Products;
			sourceTree = "<group>";
		};
		06BF62BD150F42D100281999 /* Frameworks */ = {
			isa = PBXGroup;
			children = (
				06BF62BE150F42D100281999 /* Foundation.framework */,
			);
			name = Frameworks;
			sourceTree = "<group>";
		};
		06BF62C0150F42D100281999 /* SCQRCodeReader */ = {
			isa = PBXGroup;
			children = (
				7ED7F32F18D1D9D6009BFBCE /* SCQRCodeReader.h */,
				06BF630F150F468F00281999 /* SCQRCodeReaderView.h */,
				06BF630A150F460B00281999 /* SCQRCodeReaderView.mm */,
				06BF6310150F468F00281999 /* SCQRCodeReaderViewDelegate.h */,
				06BF62C1150F42D100281999 /* Supporting Files */,
			);
			path = SCQRCodeReader;
			sourceTree = "<group>";
		};
		06BF62C1150F42D100281999 /* Supporting Files */ = {
			isa = PBXGroup;
			children = (
				06BF62C2150F42D100281999 /* SCQRCodeReader-Prefix.pch */,
			);
			name = "Supporting Files";
			sourceTree = "<group>";
		};
		06BF62CB150F436200281999 /* SitecoreMobileSDK */ = {
			isa = PBXGroup;
			children = (
				06BF62ED150F445300281999 /* SCQRCodeReader.h */,
			);
			path = SitecoreMobileSDK;
			sourceTree = "<group>";
		};
		06BF62EF150F44D100281999 /* Dependencies */ = {
			isa = PBXGroup;
			children = (
				06BF62F0150F456A00281999 /* ZXingWidget.xcodeproj */,
			);
			name = Dependencies;
			sourceTree = "<group>";
		};
		06BF62F1150F456A00281999 /* Products */ = {
			isa = PBXGroup;
			children = (
				06BF62F9150F456B00281999 /* libZXingWidget.a */,
				06BF62FB150F456B00281999 /* ZXingTests.octest */,
			);
			name = Products;
			sourceTree = "<group>";
		};
/* End PBXGroup section */

/* Begin PBXHeadersBuildPhase section */
		06BF62B9150F42D100281999 /* Headers */ = {
			isa = PBXHeadersBuildPhase;
			buildActionMask = 2147483647;
			files = (
				06BF62EE150F445300281999 /* SCQRCodeReader.h in Headers */,
				06BF6311150F468F00281999 /* SCQRCodeReaderView.h in Headers */,
				06BF6312150F468F00281999 /* SCQRCodeReaderViewDelegate.h in Headers */,
			);
			runOnlyForDeploymentPostprocessing = 0;
		};
/* End PBXHeadersBuildPhase section */

/* Begin PBXNativeTarget section */
		06BF62BA150F42D100281999 /* SCQRCodeReader */ = {
			isa = PBXNativeTarget;
			buildConfigurationList = 06BF62C8150F42D100281999 /* Build configuration list for PBXNativeTarget "SCQRCodeReader" */;
			buildPhases = (
				06BF62B7150F42D100281999 /* Sources */,
				06BF62B8150F42D100281999 /* Frameworks */,
				06BF62B9150F42D100281999 /* Headers */,
			);
			buildRules = (
			);
			dependencies = (
				06BF62FD150F458600281999 /* PBXTargetDependency */,
			);
			name = SCQRCodeReader;
			productName = SCQRCodeReader;
			productReference = 06BF62BB150F42D100281999 /* libSCQRCodeReader.a */;
			productType = "com.apple.product-type.library.static";
		};
/* End PBXNativeTarget section */

/* Begin PBXProject section */
		06BF62B2150F42D100281999 /* Project object */ = {
			isa = PBXProject;
			attributes = {
				LastUpgradeCheck = 0460;
			};
			buildConfigurationList = 06BF62B5150F42D100281999 /* Build configuration list for PBXProject "SCQRCodeReader" */;
			compatibilityVersion = "Xcode 3.2";
			developmentRegion = English;
			hasScannedForEncodings = 0;
			knownRegions = (
				en,
			);
			mainGroup = 06BF62B0150F42D100281999;
			productRefGroup = 06BF62BC150F42D100281999 /* Products */;
			projectDirPath = "";
			projectReferences = (
				{
					ProductGroup = 06BF62F1150F456A00281999 /* Products */;
					ProjectRef = 06BF62F0150F456A00281999 /* ZXingWidget.xcodeproj */;
				},
			);
			projectRoot = "";
			targets = (
				06BF62BA150F42D100281999 /* SCQRCodeReader */,
			);
		};
/* End PBXProject section */

/* Begin PBXReferenceProxy section */
		06BF62F9150F456B00281999 /* libZXingWidget.a */ = {
			isa = PBXReferenceProxy;
			fileType = archive.ar;
			path = libZXingWidget.a;
			remoteRef = 06BF62F8150F456B00281999 /* PBXContainerItemProxy */;
			sourceTree = BUILT_PRODUCTS_DIR;
		};
		06BF62FB150F456B00281999 /* ZXingTests.octest */ = {
			isa = PBXReferenceProxy;
			fileType = wrapper.cfbundle;
			path = ZXingTests.octest;
			remoteRef = 06BF62FA150F456B00281999 /* PBXContainerItemProxy */;
			sourceTree = BUILT_PRODUCTS_DIR;
		};
/* End PBXReferenceProxy section */

/* Begin PBXSourcesBuildPhase section */
		06BF62B7150F42D100281999 /* Sources */ = {
			isa = PBXSourcesBuildPhase;
			buildActionMask = 2147483647;
			files = (
				06BF630C150F460B00281999 /* SCQRCodeReaderView.mm in Sources */,
			);
			runOnlyForDeploymentPostprocessing = 0;
		};
/* End PBXSourcesBuildPhase section */

/* Begin PBXTargetDependency section */
		06BF62FD150F458600281999 /* PBXTargetDependency */ = {
			isa = PBXTargetDependency;
			name = ZXingWidget;
			targetProxy = 06BF62FC150F458600281999 /* PBXContainerItemProxy */;
		};
/* End PBXTargetDependency section */

/* Begin XCBuildConfiguration section */
		06BF62C6150F42D100281999 /* Debug */ = {
			isa = XCBuildConfiguration;
			buildSettings = {
				ALWAYS_SEARCH_USER_PATHS = NO;
				ARCHS = (
					"$(ARCHS_STANDARD)",
					armv7s,
				);
				CLANG_ENABLE_OBJC_ARC = YES;
				CLANG_WARN_OBJC_IMPLICIT_ATOMIC_PROPERTIES = YES;
				CLANG_WARN_SUSPICIOUS_IMPLICIT_CONVERSION = YES;
				CLANG_WARN__DUPLICATE_METHOD_MATCH = YES;
				COPY_PHASE_STRIP = NO;
				DEAD_CODE_STRIPPING = NO;
				GCC_C_LANGUAGE_STANDARD = gnu99;
				GCC_DYNAMIC_NO_PIC = NO;
				GCC_OPTIMIZATION_LEVEL = 0;
				GCC_PREPROCESSOR_DEFINITIONS = (
					"DEBUG=1",
					"$(inherited)",
				);
				GCC_SYMBOLS_PRIVATE_EXTERN = NO;
				GCC_TREAT_WARNINGS_AS_ERRORS = YES;
				GCC_WARN_64_TO_32_BIT_CONVERSION = YES;
				GCC_WARN_ABOUT_RETURN_TYPE = YES;
				GCC_WARN_FOUR_CHARACTER_CONSTANTS = YES;
				GCC_WARN_SIGN_COMPARE = YES;
				GCC_WARN_UNINITIALIZED_AUTOS = YES;
				GCC_WARN_UNUSED_VARIABLE = YES;
				IPHONEOS_DEPLOYMENT_TARGET = 7.0;
				PRESERVE_DEAD_CODE_INITS_AND_TERMS = YES;
				SDKROOT = iphoneos;
				STRIP_INSTALLED_PRODUCT = NO;
				STRIP_STYLE = debugging;
			};
			name = Debug;
		};
		06BF62C7150F42D100281999 /* Release */ = {
			isa = XCBuildConfiguration;
			buildSettings = {
				ALWAYS_SEARCH_USER_PATHS = NO;
				ARCHS = (
					"$(ARCHS_STANDARD)",
					armv7s,
				);
				CLANG_ENABLE_OBJC_ARC = YES;
				CLANG_WARN_OBJC_IMPLICIT_ATOMIC_PROPERTIES = YES;
				CLANG_WARN_SUSPICIOUS_IMPLICIT_CONVERSION = YES;
				CLANG_WARN__DUPLICATE_METHOD_MATCH = YES;
				COPY_PHASE_STRIP = NO;
				DEAD_CODE_STRIPPING = NO;
				GCC_C_LANGUAGE_STANDARD = gnu99;
				GCC_TREAT_WARNINGS_AS_ERRORS = YES;
				GCC_WARN_64_TO_32_BIT_CONVERSION = YES;
				GCC_WARN_ABOUT_RETURN_TYPE = YES;
				GCC_WARN_FOUR_CHARACTER_CONSTANTS = YES;
				GCC_WARN_SIGN_COMPARE = YES;
				GCC_WARN_UNINITIALIZED_AUTOS = YES;
				GCC_WARN_UNUSED_VARIABLE = YES;
				IPHONEOS_DEPLOYMENT_TARGET = 7.0;
				PRESERVE_DEAD_CODE_INITS_AND_TERMS = YES;
				SDKROOT = iphoneos;
				STRIP_INSTALLED_PRODUCT = NO;
				STRIP_STYLE = debugging;
				VALIDATE_PRODUCT = YES;
			};
			name = Release;
		};
		06BF62C9150F42D100281999 /* Debug */ = {
			isa = XCBuildConfiguration;
			buildSettings = {
				DSTROOT = /tmp/SCQRCodeReader.dst;
				GCC_PRECOMPILE_PREFIX_HEADER = YES;
				GCC_PREFIX_HEADER = "SCQRCodeReader/SCQRCodeReader-Prefix.pch";
				HEADER_SEARCH_PATHS = (
					"../../lib-third-party/ZXing/cpp/core/src",
					"../../lib-third-party/ZXing/iphone/ZXingWidget/Classes",
				);
				OTHER_LDFLAGS = "-ObjC";
				PRODUCT_NAME = "$(TARGET_NAME)";
				SKIP_INSTALL = YES;
			};
			name = Debug;
		};
		06BF62CA150F42D100281999 /* Release */ = {
			isa = XCBuildConfiguration;
			buildSettings = {
				DSTROOT = /tmp/SCQRCodeReader.dst;
				GCC_PRECOMPILE_PREFIX_HEADER = YES;
				GCC_PREFIX_HEADER = "SCQRCodeReader/SCQRCodeReader-Prefix.pch";
				HEADER_SEARCH_PATHS = (
					"../../lib-third-party/ZXing/cpp/core/src",
					"../../lib-third-party/ZXing/iphone/ZXingWidget/Classes",
				);
				OTHER_LDFLAGS = "-ObjC";
				PRODUCT_NAME = "$(TARGET_NAME)";
				SKIP_INSTALL = YES;
			};
			name = Release;
		};
/* End XCBuildConfiguration section */

/* Begin XCConfigurationList section */
		06BF62B5150F42D100281999 /* Build configuration list for PBXProject "SCQRCodeReader" */ = {
			isa = XCConfigurationList;
			buildConfigurations = (
				06BF62C6150F42D100281999 /* Debug */,
				06BF62C7150F42D100281999 /* Release */,
			);
			defaultConfigurationIsVisible = 0;
			defaultConfigurationName = Release;
		};
		06BF62C8150F42D100281999 /* Build configuration list for PBXNativeTarget "SCQRCodeReader" */ = {
			isa = XCConfigurationList;
			buildConfigurations = (
				06BF62C9150F42D100281999 /* Debug */,
				06BF62CA150F42D100281999 /* Release */,
			);
			defaultConfigurationIsVisible = 0;
			defaultConfigurationName = Release;
		};
/* End XCConfigurationList section */
	};
	rootObject = 06BF62B2150F42D100281999 /* Project object */;
}
