// !$*UTF8*$!
{
	archiveVersion = 1;
	classes = {
	};
	objectVersion = 46;
	objects = {

/* Begin PBXBuildFile section */
		1B0E822414EBCDAE001D4299 /* SCContactStringArrayField.h in Headers */ = {isa = PBXBuildFile; fileRef = 1B0E822214EBCDAD001D4299 /* SCContactStringArrayField.h */; };
		1B0E822514EBCDAE001D4299 /* SCContactStringArrayField.m in Sources */ = {isa = PBXBuildFile; fileRef = 1B0E822314EBCDAD001D4299 /* SCContactStringArrayField.m */; };
		1B0E822914EBD2AA001D4299 /* SCContactEmailsField.h in Headers */ = {isa = PBXBuildFile; fileRef = 1B0E822714EBD2A9001D4299 /* SCContactEmailsField.h */; };
		1B0E822A14EBD2AA001D4299 /* SCContactEmailsField.m in Sources */ = {isa = PBXBuildFile; fileRef = 1B0E822814EBD2A9001D4299 /* SCContactEmailsField.m */; };
		1B0E826914EBDAE4001D4299 /* SCContactDateField.h in Headers */ = {isa = PBXBuildFile; fileRef = 1B0E826714EBDAE2001D4299 /* SCContactDateField.h */; };
		1B0E826A14EBDAE4001D4299 /* SCContactDateField.m in Sources */ = {isa = PBXBuildFile; fileRef = 1B0E826814EBDAE3001D4299 /* SCContactDateField.m */; };
		1B0FB8F4150613D60056F14E /* twitter.js.h in Headers */ = {isa = PBXBuildFile; fileRef = 1B0FB8F3150613D60056F14E /* twitter.js.h */; };
		1B0FB8F8150613E30056F14E /* JDWTwitterPlugin.m in Sources */ = {isa = PBXBuildFile; fileRef = 1B0FB8F6150613E30056F14E /* JDWTwitterPlugin.m */; };
		1B100F0E14ED148700B9E6F4 /* SCContactPhotoField.h in Headers */ = {isa = PBXBuildFile; fileRef = 1B100F0C14ED148600B9E6F4 /* SCContactPhotoField.h */; };
		1B100F0F14ED148700B9E6F4 /* SCContactPhotoField.m in Sources */ = {isa = PBXBuildFile; fileRef = 1B100F0D14ED148700B9E6F4 /* SCContactPhotoField.m */; };
		1B100F8814ED317700B9E6F4 /* SCContactDictionaryArrayField.h in Headers */ = {isa = PBXBuildFile; fileRef = 1B100F8614ED317600B9E6F4 /* SCContactDictionaryArrayField.h */; };
		1B100F8914ED317700B9E6F4 /* SCContactDictionaryArrayField.m in Sources */ = {isa = PBXBuildFile; fileRef = 1B100F8714ED317600B9E6F4 /* SCContactDictionaryArrayField.m */; };
		1B1BA9DC14EAA7570040D99E /* SCContact.h in Headers */ = {isa = PBXBuildFile; fileRef = 1B1BA9DA14EAA7570040D99E /* SCContact.h */; };
		1B1BA9DD14EAA7570040D99E /* SCContact.m in Sources */ = {isa = PBXBuildFile; fileRef = 1B1BA9DB14EAA7570040D99E /* SCContact.m */; };
		1B1BA9E014EAA8220040D99E /* SCContactField.h in Headers */ = {isa = PBXBuildFile; fileRef = 1B1BA9DE14EAA8220040D99E /* SCContactField.h */; };
		1B1BA9E114EAA8220040D99E /* SCContactField.m in Sources */ = {isa = PBXBuildFile; fileRef = 1B1BA9DF14EAA8220040D99E /* SCContactField.m */; };
		1B1BA9E414EAA99F0040D99E /* SCContactStringField.h in Headers */ = {isa = PBXBuildFile; fileRef = 1B1BA9E214EAA99E0040D99E /* SCContactStringField.h */; };
		1B1BA9E514EAA99F0040D99E /* SCContactStringField.m in Sources */ = {isa = PBXBuildFile; fileRef = 1B1BA9E314EAA99E0040D99E /* SCContactStringField.m */; };
		1B1FA56A14F2A3E700FAE82C /* JWSAlertListener.m in Sources */ = {isa = PBXBuildFile; fileRef = 1B1FA56814F2A3E700FAE82C /* JWSAlertListener.m */; };
		1B1FA57514F2A6C300FAE82C /* notifications.js.h in Headers */ = {isa = PBXBuildFile; fileRef = 1B1FA57414F2A6C300FAE82C /* notifications.js.h */; };
		1B90996514EA4B1D00B19283 /* camera.js.h in Headers */ = {isa = PBXBuildFile; fileRef = 1B90995F14EA4B1D00B19283 /* camera.js.h */; };
		1B90996714EA4B1D00B19283 /* cameraSourceType.js.h in Headers */ = {isa = PBXBuildFile; fileRef = 1B90996114EA4B1D00B19283 /* cameraSourceType.js.h */; };
		1B90996814EA4B1D00B19283 /* SCGetPicturePlugin.m in Sources */ = {isa = PBXBuildFile; fileRef = 1B90996314EA4B1D00B19283 /* SCGetPicturePlugin.m */; };
		1B90997014EA4E8A00B19283 /* NSArray+CameraSourceTypes.h in Headers */ = {isa = PBXBuildFile; fileRef = 1B90996E14EA4E8A00B19283 /* NSArray+CameraSourceTypes.h */; };
		1B90997114EA4E8A00B19283 /* NSArray+CameraSourceTypes.m in Sources */ = {isa = PBXBuildFile; fileRef = 1B90996F14EA4E8A00B19283 /* NSArray+CameraSourceTypes.m */; };
		1B90997F14EA5EDD00B19283 /* contacts.js.h in Headers */ = {isa = PBXBuildFile; fileRef = 1B90997E14EA5EDD00B19283 /* contacts.js.h */; };
		1B90998614EA5FD100B19283 /* NSArray+kABMultiValue.h in Headers */ = {isa = PBXBuildFile; fileRef = 1B90998414EA5FD100B19283 /* NSArray+kABMultiValue.h */; };
		1B90998714EA5FD100B19283 /* NSArray+kABMultiValue.m in Sources */ = {isa = PBXBuildFile; fileRef = 1B90998514EA5FD100B19283 /* NSArray+kABMultiValue.m */; };
		1B90998E14EA602200B19283 /* JDWSilentSelectContactsPlugin.m in Sources */ = {isa = PBXBuildFile; fileRef = 1B90998C14EA602200B19283 /* JDWSilentSelectContactsPlugin.m */; };
		1B90999214EA603A00B19283 /* JDWSelectContactsPlugin.m in Sources */ = {isa = PBXBuildFile; fileRef = 1B90999014EA603A00B19283 /* JDWSelectContactsPlugin.m */; };
		1B90999614EA605300B19283 /* JDWRemoveContactPlugin.m in Sources */ = {isa = PBXBuildFile; fileRef = 1B90999414EA605300B19283 /* JDWRemoveContactPlugin.m */; };
		1B90999A14EA607400B19283 /* JDWSilentSaveContactPlugin.m in Sources */ = {isa = PBXBuildFile; fileRef = 1B90999814EA607400B19283 /* JDWSilentSaveContactPlugin.m */; };
		1B90999E14EA608E00B19283 /* JDWSaveContactPlugin.m in Sources */ = {isa = PBXBuildFile; fileRef = 1B90999C14EA608E00B19283 /* JDWSaveContactPlugin.m */; };
		1B9099A114EA60B400B19283 /* NSArray+ContactsToJSON.h in Headers */ = {isa = PBXBuildFile; fileRef = 1B90999F14EA60B300B19283 /* NSArray+ContactsToJSON.h */; };
		1B9099A214EA60B400B19283 /* NSArray+ContactsToJSON.m in Sources */ = {isa = PBXBuildFile; fileRef = 1B9099A014EA60B300B19283 /* NSArray+ContactsToJSON.m */; };
		1B96845D14FCEF1A00B0135F /* JWSAccelerometerListener.m in Sources */ = {isa = PBXBuildFile; fileRef = 1B96845B14FCEF1A00B0135F /* JWSAccelerometerListener.m */; };
		1B96846A14FCF19B00B0135F /* motion_manager.js.h in Headers */ = {isa = PBXBuildFile; fileRef = 1B96846914FCF19B00B0135F /* motion_manager.js.h */; };
		1BB95D5D1512054300B4F9B2 /* NSArray+AddressesDictionariesWithJSON.h in Headers */ = {isa = PBXBuildFile; fileRef = 1BB95D5B1512054200B4F9B2 /* NSArray+AddressesDictionariesWithJSON.h */; };
		1BB95D5E1512054300B4F9B2 /* NSArray+AddressesDictionariesWithJSON.m in Sources */ = {isa = PBXBuildFile; fileRef = 1BB95D5C1512054200B4F9B2 /* NSArray+AddressesDictionariesWithJSON.m */; };
		1BB95D611512114500B4F9B2 /* NSDictionary+ContactAddressExtensions.h in Headers */ = {isa = PBXBuildFile; fileRef = 1BB95D5F1512114500B4F9B2 /* NSDictionary+ContactAddressExtensions.h */; };
		1BB95D621512114500B4F9B2 /* NSDictionary+ContactAddressExtensions.m in Sources */ = {isa = PBXBuildFile; fileRef = 1BB95D601512114500B4F9B2 /* NSDictionary+ContactAddressExtensions.m */; };
		1BBB07E014E56C40003E77D0 /* pathToAllPluginsJavascripts.h in Headers */ = {isa = PBXBuildFile; fileRef = 1BBB07DE14E56C40003E77D0 /* pathToAllPluginsJavascripts.h */; };
		1BBB07E114E56C40003E77D0 /* pathToAllPluginsJavascripts.m in Sources */ = {isa = PBXBuildFile; fileRef = 1BBB07DF14E56C40003E77D0 /* pathToAllPluginsJavascripts.m */; };
		1BBB07E414E56DA6003E77D0 /* SCWebViewPluginHolder.h in Headers */ = {isa = PBXBuildFile; fileRef = 1BBB07E214E56DA6003E77D0 /* SCWebViewPluginHolder.h */; };
		1BBB07E514E56DA6003E77D0 /* SCWebViewPluginHolder.m in Sources */ = {isa = PBXBuildFile; fileRef = 1BBB07E314E56DA6003E77D0 /* SCWebViewPluginHolder.m */; };
		1BBBDA65150666DC00E7FA83 /* email.js.h in Headers */ = {isa = PBXBuildFile; fileRef = 1BBBDA64150666DC00E7FA83 /* email.js.h */; };
		1BBBDA681506676C00E7FA83 /* SCEmailFields.h in Headers */ = {isa = PBXBuildFile; fileRef = 1BBBDA661506676C00E7FA83 /* SCEmailFields.h */; };
		1BBBDA691506676C00E7FA83 /* SCEmailFields.m in Sources */ = {isa = PBXBuildFile; fileRef = 1BBBDA671506676C00E7FA83 /* SCEmailFields.m */; };
		1BBBDA761506678E00E7FA83 /* JDWEmailPlugin.m in Sources */ = {isa = PBXBuildFile; fileRef = 1BBBDA741506678D00E7FA83 /* JDWEmailPlugin.m */; };
		1BBBDAC61506718500E7FA83 /* beep.caf.h in Headers */ = {isa = PBXBuildFile; fileRef = 1BBBDAC21506718500E7FA83 /* beep.caf.h */; };
		1BBBDAC71506718500E7FA83 /* JBeepFileURL.h in Headers */ = {isa = PBXBuildFile; fileRef = 1BBBDAC31506718500E7FA83 /* JBeepFileURL.h */; };
		1BBBDAC81506718500E7FA83 /* JBeepFileURL.m in Sources */ = {isa = PBXBuildFile; fileRef = 1BBBDAC41506718500E7FA83 /* JBeepFileURL.m */; };
		1BBBDAC91506718500E7FA83 /* JDWBeepPlugin.m in Sources */ = {isa = PBXBuildFile; fileRef = 1BBBDAC51506718500E7FA83 /* JDWBeepPlugin.m */; };
		1BBCAC571510F02500199B37 /* SCMapViewAddressesPlugin.m in Sources */ = {isa = PBXBuildFile; fileRef = 1BBCAC551510F02500199B37 /* SCMapViewAddressesPlugin.m */; };
		1BBCAC5B1510F4FD00199B37 /* google_maps.js.h in Headers */ = {isa = PBXBuildFile; fileRef = 1BBCAC5A1510F4FD00199B37 /* google_maps.js.h */; };
		1BE4B43A14F3B34D003A9BF2 /* SCContactAddress.h in Headers */ = {isa = PBXBuildFile; fileRef = 1BE4B43814F3B34D003A9BF2 /* SCContactAddress.h */; };
		1BE4B43B14F3B34D003A9BF2 /* SCContactAddress.m in Sources */ = {isa = PBXBuildFile; fileRef = 1BE4B43914F3B34D003A9BF2 /* SCContactAddress.m */; };
		1BE73D3814E940920072C825 /* SCWebViewTapGestureRecognizer.h in Headers */ = {isa = PBXBuildFile; fileRef = 1BE73D3614E940920072C825 /* SCWebViewTapGestureRecognizer.h */; };
		1BE73D3914E940920072C825 /* SCWebViewTapGestureRecognizer.m in Sources */ = {isa = PBXBuildFile; fileRef = 1BE73D3714E940920072C825 /* SCWebViewTapGestureRecognizer.m */; };
		1BE73D3E14E953840072C825 /* UIPopoverController+PresentPopoverInWebView.h in Headers */ = {isa = PBXBuildFile; fileRef = 1BE73D3C14E953840072C825 /* UIPopoverController+PresentPopoverInWebView.h */; };
		1BE73D3F14E953840072C825 /* UIPopoverController+PresentPopoverInWebView.m in Sources */ = {isa = PBXBuildFile; fileRef = 1BE73D3D14E953840072C825 /* UIPopoverController+PresentPopoverInWebView.m */; };
		1BE73D4214E95C570072C825 /* UIWebView+SCWebViewStates.h in Headers */ = {isa = PBXBuildFile; fileRef = 1BE73D4014E95C560072C825 /* UIWebView+SCWebViewStates.h */; };
		1BE73D4314E95C570072C825 /* UIWebView+SCWebViewStates.m in Sources */ = {isa = PBXBuildFile; fileRef = 1BE73D4114E95C560072C825 /* UIWebView+SCWebViewStates.m */; };
		1BE73D4714E9645A0072C825 /* SCWebViewPluginDefaultPlugin.h in Headers */ = {isa = PBXBuildFile; fileRef = 1BE73D4514E9645A0072C825 /* SCWebViewPluginDefaultPlugin.h */; };
		1BE73D4814E9645A0072C825 /* SCWebViewPluginDefaultPlugin.m in Sources */ = {isa = PBXBuildFile; fileRef = 1BE73D4614E9645A0072C825 /* SCWebViewPluginDefaultPlugin.m */; };
		1BF8BDBB15050A01006F4D7F /* SCWaitView.h in Headers */ = {isa = PBXBuildFile; fileRef = 1BF8BDB915050A01006F4D7F /* SCWaitView.h */; };
		1BF8BDBC15050A01006F4D7F /* SCWaitView.m in Sources */ = {isa = PBXBuildFile; fileRef = 1BF8BDBA15050A01006F4D7F /* SCWaitView.m */; };
		1BFEAFFE14E40DF50039CEBB /* Foundation.framework in Frameworks */ = {isa = PBXBuildFile; fileRef = 1BFEAFFD14E40DF50039CEBB /* Foundation.framework */; };
		1BFEB05314E40F090039CEBB /* UIWebView+SCWebViewPlugins.h in Headers */ = {isa = PBXBuildFile; fileRef = 1BFEB05114E40F090039CEBB /* UIWebView+SCWebViewPlugins.h */; };
		1BFEB05414E40F090039CEBB /* UIWebView+SCWebViewPlugins.m in Sources */ = {isa = PBXBuildFile; fileRef = 1BFEB05214E40F090039CEBB /* UIWebView+SCWebViewPlugins.m */; };
		1BFEB05A14E412AF0039CEBB /* SCWebPlugin.h in Headers */ = {isa = PBXBuildFile; fileRef = 1BFEB05914E412AF0039CEBB /* SCWebPlugin.h */; };
		1BFEB13714E41F3F0039CEBB /* Cocoa.framework in Frameworks */ = {isa = PBXBuildFile; fileRef = 1BFEB13614E41F3F0039CEBB /* Cocoa.framework */; };
		1BFEB14C14E41FF70039CEBB /* SCMobilePluginsJavaScriptExport.h in Headers */ = {isa = PBXBuildFile; fileRef = 1BFEB14A14E41FF70039CEBB /* SCMobilePluginsJavaScriptExport.h */; };
		1BFEB14D14E41FF70039CEBB /* SCMobilePluginsJavaScriptExport.m in Sources */ = {isa = PBXBuildFile; fileRef = 1BFEB14B14E41FF70039CEBB /* SCMobilePluginsJavaScriptExport.m */; };
		1BFEB14F14E420230039CEBB /* scmobile.js.h in Headers */ = {isa = PBXBuildFile; fileRef = 1BFEB14E14E420230039CEBB /* scmobile.js.h */; };
		7E84E5EB15E25BDB00FB8E36 /* SCAddressBookFactory.h in Headers */ = {isa = PBXBuildFile; fileRef = 7E84E5E915E25BDA00FB8E36 /* SCAddressBookFactory.h */; };
		7E84E5EC15E25BDB00FB8E36 /* SCAddressBookFactory.mm in Sources */ = {isa = PBXBuildFile; fileRef = 7E84E5EA15E25BDA00FB8E36 /* SCAddressBookFactory.mm */; };
		7E84E61915E2660800FB8E36 /* SCAddressBook.h in Headers */ = {isa = PBXBuildFile; fileRef = 7E84E61715E2660800FB8E36 /* SCAddressBook.h */; };
		7E84E61A15E2660800FB8E36 /* SCAddressBook.m in Sources */ = {isa = PBXBuildFile; fileRef = 7E84E61815E2660800FB8E36 /* SCAddressBook.m */; };
/* End PBXBuildFile section */

/* Begin PBXContainerItemProxy section */
		1BFEB15A14E420F70039CEBB /* PBXContainerItemProxy */ = {
			isa = PBXContainerItemProxy;
			containerPortal = 1BFEAFF114E40DF50039CEBB /* Project object */;
			proxyType = 1;
			remoteGlobalIDString = 1BFEB13414E41F3F0039CEBB;
			remoteInfo = BuildJS;
		};
/* End PBXContainerItemProxy section */

/* Begin PBXFileReference section */
		1B0E822214EBCDAD001D4299 /* SCContactStringArrayField.h */ = {isa = PBXFileReference; fileEncoding = 4; lastKnownFileType = sourcecode.c.h; path = SCContactStringArrayField.h; sourceTree = "<group>"; };
		1B0E822314EBCDAD001D4299 /* SCContactStringArrayField.m */ = {isa = PBXFileReference; fileEncoding = 4; lastKnownFileType = sourcecode.c.objc; path = SCContactStringArrayField.m; sourceTree = "<group>"; };
		1B0E822714EBD2A9001D4299 /* SCContactEmailsField.h */ = {isa = PBXFileReference; fileEncoding = 4; lastKnownFileType = sourcecode.c.h; path = SCContactEmailsField.h; sourceTree = "<group>"; };
		1B0E822814EBD2A9001D4299 /* SCContactEmailsField.m */ = {isa = PBXFileReference; fileEncoding = 4; lastKnownFileType = sourcecode.c.objc; path = SCContactEmailsField.m; sourceTree = "<group>"; };
		1B0E826714EBDAE2001D4299 /* SCContactDateField.h */ = {isa = PBXFileReference; fileEncoding = 4; lastKnownFileType = sourcecode.c.h; path = SCContactDateField.h; sourceTree = "<group>"; };
		1B0E826814EBDAE3001D4299 /* SCContactDateField.m */ = {isa = PBXFileReference; fileEncoding = 4; lastKnownFileType = sourcecode.c.objc; path = SCContactDateField.m; sourceTree = "<group>"; };
		1B0FB8F1150613C90056F14E /* twitter.js */ = {isa = PBXFileReference; fileEncoding = 4; lastKnownFileType = sourcecode.javascript; path = twitter.js; sourceTree = "<group>"; };
		1B0FB8F3150613D60056F14E /* twitter.js.h */ = {isa = PBXFileReference; fileEncoding = 4; lastKnownFileType = sourcecode.c.h; path = twitter.js.h; sourceTree = "<group>"; };
		1B0FB8F6150613E30056F14E /* JDWTwitterPlugin.m */ = {isa = PBXFileReference; fileEncoding = 4; lastKnownFileType = sourcecode.c.objc; path = JDWTwitterPlugin.m; sourceTree = "<group>"; };
		1B100F0C14ED148600B9E6F4 /* SCContactPhotoField.h */ = {isa = PBXFileReference; fileEncoding = 4; lastKnownFileType = sourcecode.c.h; path = SCContactPhotoField.h; sourceTree = "<group>"; };
		1B100F0D14ED148700B9E6F4 /* SCContactPhotoField.m */ = {isa = PBXFileReference; fileEncoding = 4; lastKnownFileType = sourcecode.c.objc; path = SCContactPhotoField.m; sourceTree = "<group>"; };
		1B100F8614ED317600B9E6F4 /* SCContactDictionaryArrayField.h */ = {isa = PBXFileReference; fileEncoding = 4; lastKnownFileType = sourcecode.c.h; path = SCContactDictionaryArrayField.h; sourceTree = "<group>"; };
		1B100F8714ED317600B9E6F4 /* SCContactDictionaryArrayField.m */ = {isa = PBXFileReference; fileEncoding = 4; lastKnownFileType = sourcecode.c.objc; path = SCContactDictionaryArrayField.m; sourceTree = "<group>"; };
		1B1BA9DA14EAA7570040D99E /* SCContact.h */ = {isa = PBXFileReference; fileEncoding = 4; lastKnownFileType = sourcecode.c.h; path = SCContact.h; sourceTree = "<group>"; };
		1B1BA9DB14EAA7570040D99E /* SCContact.m */ = {isa = PBXFileReference; fileEncoding = 4; lastKnownFileType = sourcecode.c.objc; path = SCContact.m; sourceTree = "<group>"; };
		1B1BA9DE14EAA8220040D99E /* SCContactField.h */ = {isa = PBXFileReference; fileEncoding = 4; lastKnownFileType = sourcecode.c.h; path = SCContactField.h; sourceTree = "<group>"; };
		1B1BA9DF14EAA8220040D99E /* SCContactField.m */ = {isa = PBXFileReference; fileEncoding = 4; lastKnownFileType = sourcecode.c.objc; path = SCContactField.m; sourceTree = "<group>"; };
		1B1BA9E214EAA99E0040D99E /* SCContactStringField.h */ = {isa = PBXFileReference; fileEncoding = 4; lastKnownFileType = sourcecode.c.h; path = SCContactStringField.h; sourceTree = "<group>"; };
		1B1BA9E314EAA99E0040D99E /* SCContactStringField.m */ = {isa = PBXFileReference; fileEncoding = 4; lastKnownFileType = sourcecode.c.objc; path = SCContactStringField.m; sourceTree = "<group>"; };
		1B1FA56514F2A38F00FAE82C /* notifications.js */ = {isa = PBXFileReference; fileEncoding = 4; lastKnownFileType = sourcecode.javascript; path = notifications.js; sourceTree = "<group>"; };
		1B1FA56814F2A3E700FAE82C /* JWSAlertListener.m */ = {isa = PBXFileReference; fileEncoding = 4; lastKnownFileType = sourcecode.c.objc; path = JWSAlertListener.m; sourceTree = "<group>"; };
		1B1FA57414F2A6C300FAE82C /* notifications.js.h */ = {isa = PBXFileReference; fileEncoding = 4; lastKnownFileType = sourcecode.c.h; path = notifications.js.h; sourceTree = "<group>"; };
		1B90995E14EA4B1D00B19283 /* camera.js */ = {isa = PBXFileReference; fileEncoding = 4; lastKnownFileType = sourcecode.javascript; path = camera.js; sourceTree = "<group>"; };
		1B90995F14EA4B1D00B19283 /* camera.js.h */ = {isa = PBXFileReference; fileEncoding = 4; lastKnownFileType = sourcecode.c.h; path = camera.js.h; sourceTree = "<group>"; };
		1B90996014EA4B1D00B19283 /* cameraSourceType.js */ = {isa = PBXFileReference; fileEncoding = 4; lastKnownFileType = sourcecode.javascript; path = cameraSourceType.js; sourceTree = "<group>"; };
		1B90996114EA4B1D00B19283 /* cameraSourceType.js.h */ = {isa = PBXFileReference; fileEncoding = 4; lastKnownFileType = sourcecode.c.h; path = cameraSourceType.js.h; sourceTree = "<group>"; };
		1B90996314EA4B1D00B19283 /* SCGetPicturePlugin.m */ = {isa = PBXFileReference; fileEncoding = 4; lastKnownFileType = sourcecode.c.objc; path = SCGetPicturePlugin.m; sourceTree = "<group>"; };
		1B90996E14EA4E8A00B19283 /* NSArray+CameraSourceTypes.h */ = {isa = PBXFileReference; fileEncoding = 4; lastKnownFileType = sourcecode.c.h; path = "NSArray+CameraSourceTypes.h"; sourceTree = "<group>"; };
		1B90996F14EA4E8A00B19283 /* NSArray+CameraSourceTypes.m */ = {isa = PBXFileReference; fileEncoding = 4; lastKnownFileType = sourcecode.c.objc; path = "NSArray+CameraSourceTypes.m"; sourceTree = "<group>"; };
		1B90997C14EA5EB900B19283 /* contacts.js */ = {isa = PBXFileReference; lastKnownFileType = sourcecode.javascript; path = contacts.js; sourceTree = "<group>"; };
		1B90997E14EA5EDD00B19283 /* contacts.js.h */ = {isa = PBXFileReference; fileEncoding = 4; lastKnownFileType = sourcecode.c.h; path = contacts.js.h; sourceTree = "<group>"; };
		1B90998414EA5FD100B19283 /* NSArray+kABMultiValue.h */ = {isa = PBXFileReference; fileEncoding = 4; lastKnownFileType = sourcecode.c.h; path = "NSArray+kABMultiValue.h"; sourceTree = "<group>"; };
		1B90998514EA5FD100B19283 /* NSArray+kABMultiValue.m */ = {isa = PBXFileReference; fileEncoding = 4; lastKnownFileType = sourcecode.c.objc; path = "NSArray+kABMultiValue.m"; sourceTree = "<group>"; };
		1B90998C14EA602200B19283 /* JDWSilentSelectContactsPlugin.m */ = {isa = PBXFileReference; fileEncoding = 4; lastKnownFileType = sourcecode.c.objc; path = JDWSilentSelectContactsPlugin.m; sourceTree = "<group>"; };
		1B90999014EA603A00B19283 /* JDWSelectContactsPlugin.m */ = {isa = PBXFileReference; fileEncoding = 4; lastKnownFileType = sourcecode.c.objc; path = JDWSelectContactsPlugin.m; sourceTree = "<group>"; };
		1B90999414EA605300B19283 /* JDWRemoveContactPlugin.m */ = {isa = PBXFileReference; fileEncoding = 4; lastKnownFileType = sourcecode.c.objc; path = JDWRemoveContactPlugin.m; sourceTree = "<group>"; };
		1B90999814EA607400B19283 /* JDWSilentSaveContactPlugin.m */ = {isa = PBXFileReference; fileEncoding = 4; lastKnownFileType = sourcecode.c.objc; path = JDWSilentSaveContactPlugin.m; sourceTree = "<group>"; };
		1B90999C14EA608E00B19283 /* JDWSaveContactPlugin.m */ = {isa = PBXFileReference; fileEncoding = 4; lastKnownFileType = sourcecode.c.objc; path = JDWSaveContactPlugin.m; sourceTree = "<group>"; };
		1B90999F14EA60B300B19283 /* NSArray+ContactsToJSON.h */ = {isa = PBXFileReference; fileEncoding = 4; lastKnownFileType = sourcecode.c.h; path = "NSArray+ContactsToJSON.h"; sourceTree = "<group>"; };
		1B9099A014EA60B300B19283 /* NSArray+ContactsToJSON.m */ = {isa = PBXFileReference; fileEncoding = 4; lastKnownFileType = sourcecode.c.objc; path = "NSArray+ContactsToJSON.m"; sourceTree = "<group>"; };
		1B96845B14FCEF1A00B0135F /* JWSAccelerometerListener.m */ = {isa = PBXFileReference; fileEncoding = 4; lastKnownFileType = sourcecode.c.objc; path = JWSAccelerometerListener.m; sourceTree = "<group>"; };
		1B96845E14FCEF3C00B0135F /* motion_manager.js */ = {isa = PBXFileReference; fileEncoding = 4; lastKnownFileType = sourcecode.javascript; path = motion_manager.js; sourceTree = "<group>"; };
		1B96846914FCF19B00B0135F /* motion_manager.js.h */ = {isa = PBXFileReference; fileEncoding = 4; lastKnownFileType = sourcecode.c.h; path = motion_manager.js.h; sourceTree = "<group>"; };
		1BB95D5B1512054200B4F9B2 /* NSArray+AddressesDictionariesWithJSON.h */ = {isa = PBXFileReference; fileEncoding = 4; lastKnownFileType = sourcecode.c.h; path = "NSArray+AddressesDictionariesWithJSON.h"; sourceTree = "<group>"; };
		1BB95D5C1512054200B4F9B2 /* NSArray+AddressesDictionariesWithJSON.m */ = {isa = PBXFileReference; fileEncoding = 4; lastKnownFileType = sourcecode.c.objc; path = "NSArray+AddressesDictionariesWithJSON.m"; sourceTree = "<group>"; };
		1BB95D5F1512114500B4F9B2 /* NSDictionary+ContactAddressExtensions.h */ = {isa = PBXFileReference; fileEncoding = 4; lastKnownFileType = sourcecode.c.h; path = "NSDictionary+ContactAddressExtensions.h"; sourceTree = "<group>"; };
		1BB95D601512114500B4F9B2 /* NSDictionary+ContactAddressExtensions.m */ = {isa = PBXFileReference; fileEncoding = 4; lastKnownFileType = sourcecode.c.objc; path = "NSDictionary+ContactAddressExtensions.m"; sourceTree = "<group>"; };
		1BBB07DE14E56C40003E77D0 /* pathToAllPluginsJavascripts.h */ = {isa = PBXFileReference; fileEncoding = 4; lastKnownFileType = sourcecode.c.h; path = pathToAllPluginsJavascripts.h; sourceTree = "<group>"; };
		1BBB07DF14E56C40003E77D0 /* pathToAllPluginsJavascripts.m */ = {isa = PBXFileReference; fileEncoding = 4; lastKnownFileType = sourcecode.c.objc; path = pathToAllPluginsJavascripts.m; sourceTree = "<group>"; };
		1BBB07E214E56DA6003E77D0 /* SCWebViewPluginHolder.h */ = {isa = PBXFileReference; fileEncoding = 4; lastKnownFileType = sourcecode.c.h; path = SCWebViewPluginHolder.h; sourceTree = "<group>"; };
		1BBB07E314E56DA6003E77D0 /* SCWebViewPluginHolder.m */ = {isa = PBXFileReference; fileEncoding = 4; lastKnownFileType = sourcecode.c.objc; path = SCWebViewPluginHolder.m; sourceTree = "<group>"; };
		1BBBDA62150666C400E7FA83 /* email.js */ = {isa = PBXFileReference; fileEncoding = 4; lastKnownFileType = sourcecode.javascript; path = email.js; sourceTree = "<group>"; };
		1BBBDA64150666DC00E7FA83 /* email.js.h */ = {isa = PBXFileReference; fileEncoding = 4; lastKnownFileType = sourcecode.c.h; path = email.js.h; sourceTree = "<group>"; };
		1BBBDA661506676C00E7FA83 /* SCEmailFields.h */ = {isa = PBXFileReference; fileEncoding = 4; lastKnownFileType = sourcecode.c.h; path = SCEmailFields.h; sourceTree = "<group>"; };
		1BBBDA671506676C00E7FA83 /* SCEmailFields.m */ = {isa = PBXFileReference; fileEncoding = 4; lastKnownFileType = sourcecode.c.objc; path = SCEmailFields.m; sourceTree = "<group>"; };
		1BBBDA741506678D00E7FA83 /* JDWEmailPlugin.m */ = {isa = PBXFileReference; fileEncoding = 4; lastKnownFileType = sourcecode.c.objc; path = JDWEmailPlugin.m; sourceTree = "<group>"; };
		1BBBDAC11506718500E7FA83 /* beep.caf */ = {isa = PBXFileReference; lastKnownFileType = file; path = beep.caf; sourceTree = "<group>"; };
		1BBBDAC21506718500E7FA83 /* beep.caf.h */ = {isa = PBXFileReference; fileEncoding = 4; lastKnownFileType = sourcecode.c.h; path = beep.caf.h; sourceTree = "<group>"; };
		1BBBDAC31506718500E7FA83 /* JBeepFileURL.h */ = {isa = PBXFileReference; fileEncoding = 4; lastKnownFileType = sourcecode.c.h; path = JBeepFileURL.h; sourceTree = "<group>"; };
		1BBBDAC41506718500E7FA83 /* JBeepFileURL.m */ = {isa = PBXFileReference; fileEncoding = 4; lastKnownFileType = sourcecode.c.objc; path = JBeepFileURL.m; sourceTree = "<group>"; };
		1BBBDAC51506718500E7FA83 /* JDWBeepPlugin.m */ = {isa = PBXFileReference; fileEncoding = 4; lastKnownFileType = sourcecode.c.objc; path = JDWBeepPlugin.m; sourceTree = "<group>"; };
		1BBCAC551510F02500199B37 /* SCMapViewAddressesPlugin.m */ = {isa = PBXFileReference; fileEncoding = 4; lastKnownFileType = sourcecode.c.objc; path = SCMapViewAddressesPlugin.m; sourceTree = "<group>"; };
		1BBCAC581510F03500199B37 /* google_maps.js */ = {isa = PBXFileReference; fileEncoding = 4; lastKnownFileType = sourcecode.javascript; path = google_maps.js; sourceTree = "<group>"; };
		1BBCAC5A1510F4FD00199B37 /* google_maps.js.h */ = {isa = PBXFileReference; fileEncoding = 4; lastKnownFileType = sourcecode.c.h; path = google_maps.js.h; sourceTree = "<group>"; };
		1BE4B43814F3B34D003A9BF2 /* SCContactAddress.h */ = {isa = PBXFileReference; fileEncoding = 4; lastKnownFileType = sourcecode.c.h; path = SCContactAddress.h; sourceTree = "<group>"; };
		1BE4B43914F3B34D003A9BF2 /* SCContactAddress.m */ = {isa = PBXFileReference; fileEncoding = 4; lastKnownFileType = sourcecode.c.objc; path = SCContactAddress.m; sourceTree = "<group>"; };
		1BE73D3614E940920072C825 /* SCWebViewTapGestureRecognizer.h */ = {isa = PBXFileReference; fileEncoding = 4; lastKnownFileType = sourcecode.c.h; path = SCWebViewTapGestureRecognizer.h; sourceTree = "<group>"; };
		1BE73D3714E940920072C825 /* SCWebViewTapGestureRecognizer.m */ = {isa = PBXFileReference; fileEncoding = 4; lastKnownFileType = sourcecode.c.objc; path = SCWebViewTapGestureRecognizer.m; sourceTree = "<group>"; };
		1BE73D3C14E953840072C825 /* UIPopoverController+PresentPopoverInWebView.h */ = {isa = PBXFileReference; fileEncoding = 4; lastKnownFileType = sourcecode.c.h; path = "UIPopoverController+PresentPopoverInWebView.h"; sourceTree = "<group>"; };
		1BE73D3D14E953840072C825 /* UIPopoverController+PresentPopoverInWebView.m */ = {isa = PBXFileReference; fileEncoding = 4; lastKnownFileType = sourcecode.c.objc; path = "UIPopoverController+PresentPopoverInWebView.m"; sourceTree = "<group>"; };
		1BE73D4014E95C560072C825 /* UIWebView+SCWebViewStates.h */ = {isa = PBXFileReference; fileEncoding = 4; lastKnownFileType = sourcecode.c.h; path = "UIWebView+SCWebViewStates.h"; sourceTree = "<group>"; };
		1BE73D4114E95C560072C825 /* UIWebView+SCWebViewStates.m */ = {isa = PBXFileReference; fileEncoding = 4; lastKnownFileType = sourcecode.c.objc; path = "UIWebView+SCWebViewStates.m"; sourceTree = "<group>"; };
		1BE73D4514E9645A0072C825 /* SCWebViewPluginDefaultPlugin.h */ = {isa = PBXFileReference; fileEncoding = 4; lastKnownFileType = sourcecode.c.h; path = SCWebViewPluginDefaultPlugin.h; sourceTree = "<group>"; };
		1BE73D4614E9645A0072C825 /* SCWebViewPluginDefaultPlugin.m */ = {isa = PBXFileReference; fileEncoding = 4; lastKnownFileType = sourcecode.c.objc; path = SCWebViewPluginDefaultPlugin.m; sourceTree = "<group>"; };
		1BF8BDB915050A01006F4D7F /* SCWaitView.h */ = {isa = PBXFileReference; fileEncoding = 4; lastKnownFileType = sourcecode.c.h; path = SCWaitView.h; sourceTree = "<group>"; };
		1BF8BDBA15050A01006F4D7F /* SCWaitView.m */ = {isa = PBXFileReference; fileEncoding = 4; lastKnownFileType = sourcecode.c.objc; path = SCWaitView.m; sourceTree = "<group>"; };
		1BFEAFFA14E40DF50039CEBB /* libSCWebPlugins.a */ = {isa = PBXFileReference; explicitFileType = archive.ar; includeInIndex = 0; path = libSCWebPlugins.a; sourceTree = BUILT_PRODUCTS_DIR; };
		1BFEAFFD14E40DF50039CEBB /* Foundation.framework */ = {isa = PBXFileReference; lastKnownFileType = wrapper.framework; name = Foundation.framework; path = System/Library/Frameworks/Foundation.framework; sourceTree = SDKROOT; };
		1BFEB00114E40DF50039CEBB /* SCWebPlugins-Prefix.pch */ = {isa = PBXFileReference; lastKnownFileType = sourcecode.c.h; path = "SCWebPlugins-Prefix.pch"; sourceTree = "<group>"; };
		1BFEB00214E40DF50039CEBB /* SCWebPlugins.h */ = {isa = PBXFileReference; lastKnownFileType = sourcecode.c.h; path = SCWebPlugins.h; sourceTree = "<group>"; };
		1BFEB05114E40F090039CEBB /* UIWebView+SCWebViewPlugins.h */ = {isa = PBXFileReference; fileEncoding = 4; lastKnownFileType = sourcecode.c.h; path = "UIWebView+SCWebViewPlugins.h"; sourceTree = "<group>"; };
		1BFEB05214E40F090039CEBB /* UIWebView+SCWebViewPlugins.m */ = {isa = PBXFileReference; fileEncoding = 4; lastKnownFileType = sourcecode.c.objc; path = "UIWebView+SCWebViewPlugins.m"; sourceTree = "<group>"; };
		1BFEB05914E412AF0039CEBB /* SCWebPlugin.h */ = {isa = PBXFileReference; fileEncoding = 4; lastKnownFileType = sourcecode.c.h; path = SCWebPlugin.h; sourceTree = "<group>"; };
		1BFEB13514E41F3F0039CEBB /* BuildJS.bundle */ = {isa = PBXFileReference; explicitFileType = wrapper.cfbundle; includeInIndex = 0; path = BuildJS.bundle; sourceTree = BUILT_PRODUCTS_DIR; };
		1BFEB13614E41F3F0039CEBB /* Cocoa.framework */ = {isa = PBXFileReference; lastKnownFileType = wrapper.framework; name = Cocoa.framework; path = Library/Frameworks/Cocoa.framework; sourceTree = DEVELOPER_DIR; };
		1BFEB13914E41F3F0039CEBB /* AppKit.framework */ = {isa = PBXFileReference; lastKnownFileType = wrapper.framework; name = AppKit.framework; path = Library/Frameworks/AppKit.framework; sourceTree = SDKROOT; };
		1BFEB13A14E41F3F0039CEBB /* CoreData.framework */ = {isa = PBXFileReference; lastKnownFileType = wrapper.framework; name = CoreData.framework; path = Library/Frameworks/CoreData.framework; sourceTree = SDKROOT; };
		1BFEB13B14E41F3F0039CEBB /* Foundation.framework */ = {isa = PBXFileReference; lastKnownFileType = wrapper.framework; name = Foundation.framework; path = Library/Frameworks/Foundation.framework; sourceTree = SDKROOT; };
		1BFEB14814E41FBB0039CEBB /* scmobile.js */ = {isa = PBXFileReference; fileEncoding = 4; lastKnownFileType = sourcecode.javascript; path = scmobile.js; sourceTree = "<group>"; };
		1BFEB14A14E41FF70039CEBB /* SCMobilePluginsJavaScriptExport.h */ = {isa = PBXFileReference; fileEncoding = 4; lastKnownFileType = sourcecode.c.h; path = SCMobilePluginsJavaScriptExport.h; sourceTree = "<group>"; };
		1BFEB14B14E41FF70039CEBB /* SCMobilePluginsJavaScriptExport.m */ = {isa = PBXFileReference; fileEncoding = 4; lastKnownFileType = sourcecode.c.objc; path = SCMobilePluginsJavaScriptExport.m; sourceTree = "<group>"; };
		1BFEB14E14E420230039CEBB /* scmobile.js.h */ = {isa = PBXFileReference; fileEncoding = 4; lastKnownFileType = sourcecode.c.h; path = scmobile.js.h; sourceTree = "<group>"; };
		7E84E5E915E25BDA00FB8E36 /* SCAddressBookFactory.h */ = {isa = PBXFileReference; fileEncoding = 4; lastKnownFileType = sourcecode.c.h; path = SCAddressBookFactory.h; sourceTree = "<group>"; };
		7E84E5EA15E25BDA00FB8E36 /* SCAddressBookFactory.mm */ = {isa = PBXFileReference; fileEncoding = 4; lastKnownFileType = sourcecode.cpp.objcpp; path = SCAddressBookFactory.mm; sourceTree = "<group>"; };
		7E84E61715E2660800FB8E36 /* SCAddressBook.h */ = {isa = PBXFileReference; fileEncoding = 4; lastKnownFileType = sourcecode.c.h; path = SCAddressBook.h; sourceTree = "<group>"; };
		7E84E61815E2660800FB8E36 /* SCAddressBook.m */ = {isa = PBXFileReference; fileEncoding = 4; lastKnownFileType = sourcecode.c.objc; path = SCAddressBook.m; sourceTree = "<group>"; };
/* End PBXFileReference section */

/* Begin PBXFrameworksBuildPhase section */
		1BFEAFF714E40DF50039CEBB /* Frameworks */ = {
			isa = PBXFrameworksBuildPhase;
			buildActionMask = 2147483647;
			files = (
				1BFEAFFE14E40DF50039CEBB /* Foundation.framework in Frameworks */,
			);
			runOnlyForDeploymentPostprocessing = 0;
		};
		1BFEB13214E41F3F0039CEBB /* Frameworks */ = {
			isa = PBXFrameworksBuildPhase;
			buildActionMask = 2147483647;
			files = (
				1BFEB13714E41F3F0039CEBB /* Cocoa.framework in Frameworks */,
			);
			runOnlyForDeploymentPostprocessing = 0;
		};
/* End PBXFrameworksBuildPhase section */

/* Begin PBXGroup section */
		1B0FB8ED150613AD0056F14E /* share */ = {
			isa = PBXGroup;
			children = (
				1B0FB8EE150613AD0056F14E /* email */,
				1B0FB8EF150613AD0056F14E /* twitter */,
			);
			path = share;
			sourceTree = "<group>";
		};
		1B0FB8EE150613AD0056F14E /* email */ = {
			isa = PBXGroup;
			children = (
				1BBBDA62150666C400E7FA83 /* email.js */,
				1BBBDA64150666DC00E7FA83 /* email.js.h */,
				1BBBDA661506676C00E7FA83 /* SCEmailFields.h */,
				1BBBDA671506676C00E7FA83 /* SCEmailFields.m */,
				1BBBDA741506678D00E7FA83 /* JDWEmailPlugin.m */,
			);
			path = email;
			sourceTree = "<group>";
		};
		1B0FB8EF150613AD0056F14E /* twitter */ = {
			isa = PBXGroup;
			children = (
				1B0FB8F1150613C90056F14E /* twitter.js */,
				1B0FB8F3150613D60056F14E /* twitter.js.h */,
				1B0FB8F6150613E30056F14E /* JDWTwitterPlugin.m */,
			);
			path = twitter;
			sourceTree = "<group>";
		};
		1B1BA9D814EAA7390040D99E /* ContactsAPI */ = {
			isa = PBXGroup;
			children = (
				1BE4B43614F3B315003A9BF2 /* Detail */,
				1B1BA9DE14EAA8220040D99E /* SCContactField.h */,
				1B1BA9DF14EAA8220040D99E /* SCContactField.m */,
				1B1BA9E214EAA99E0040D99E /* SCContactStringField.h */,
				1B1BA9E314EAA99E0040D99E /* SCContactStringField.m */,
				1B100F0C14ED148600B9E6F4 /* SCContactPhotoField.h */,
				1B100F0D14ED148700B9E6F4 /* SCContactPhotoField.m */,
				1B0E826714EBDAE2001D4299 /* SCContactDateField.h */,
				1B0E826814EBDAE3001D4299 /* SCContactDateField.m */,
				1B0E822214EBCDAD001D4299 /* SCContactStringArrayField.h */,
				1B0E822314EBCDAD001D4299 /* SCContactStringArrayField.m */,
				1B100F8614ED317600B9E6F4 /* SCContactDictionaryArrayField.h */,
				1B100F8714ED317600B9E6F4 /* SCContactDictionaryArrayField.m */,
				1B0E822714EBD2A9001D4299 /* SCContactEmailsField.h */,
				1B0E822814EBD2A9001D4299 /* SCContactEmailsField.m */,
				1B1BA9DA14EAA7570040D99E /* SCContact.h */,
				1B1BA9DB14EAA7570040D99E /* SCContact.m */,
				7E84E5E915E25BDA00FB8E36 /* SCAddressBookFactory.h */,
				7E84E5EA15E25BDA00FB8E36 /* SCAddressBookFactory.mm */,
				7E84E61715E2660800FB8E36 /* SCAddressBook.h */,
				7E84E61815E2660800FB8E36 /* SCAddressBook.m */,
			);
			path = ContactsAPI;
			sourceTree = "<group>";
		};
		1B1FA56114F29E7000FAE82C /* notification */ = {
			isa = PBXGroup;
			children = (
				1B1FA56514F2A38F00FAE82C /* notifications.js */,
				1B1FA57414F2A6C300FAE82C /* notifications.js.h */,
				1BBBDAC01506718500E7FA83 /* beep */,
				1B1FA56214F29E7000FAE82C /* alert */,
			);
			path = notification;
			sourceTree = "<group>";
		};
		1B1FA56214F29E7000FAE82C /* alert */ = {
			isa = PBXGroup;
			children = (
				1B1FA56814F2A3E700FAE82C /* JWSAlertListener.m */,
			);
			path = alert;
			sourceTree = "<group>";
		};
		1B90995D14EA4B1D00B19283 /* camera */ = {
			isa = PBXGroup;
			children = (
				1B90995E14EA4B1D00B19283 /* camera.js */,
				1B90995F14EA4B1D00B19283 /* camera.js.h */,
				1B90996014EA4B1D00B19283 /* cameraSourceType.js */,
				1B90996114EA4B1D00B19283 /* cameraSourceType.js.h */,
				1B90996214EA4B1D00B19283 /* get_picture */,
			);
			path = camera;
			sourceTree = "<group>";
		};
		1B90996214EA4B1D00B19283 /* get_picture */ = {
			isa = PBXGroup;
			children = (
				1B90996E14EA4E8A00B19283 /* NSArray+CameraSourceTypes.h */,
				1B90996F14EA4E8A00B19283 /* NSArray+CameraSourceTypes.m */,
				1B90996314EA4B1D00B19283 /* SCGetPicturePlugin.m */,
				1BF8BDB915050A01006F4D7F /* SCWaitView.h */,
				1BF8BDBA15050A01006F4D7F /* SCWaitView.m */,
			);
			path = get_picture;
			sourceTree = "<group>";
		};
		1B90997B14EA5E9D00B19283 /* contacts */ = {
			isa = PBXGroup;
			children = (
				1B90997C14EA5EB900B19283 /* contacts.js */,
				1B90997E14EA5EDD00B19283 /* contacts.js.h */,
				1B1BA9D814EAA7390040D99E /* ContactsAPI */,
				1B90999F14EA60B300B19283 /* NSArray+ContactsToJSON.h */,
				1B9099A014EA60B300B19283 /* NSArray+ContactsToJSON.m */,
				1B90998414EA5FD100B19283 /* NSArray+kABMultiValue.h */,
				1B90998514EA5FD100B19283 /* NSArray+kABMultiValue.m */,
				1B90998814EA600600B19283 /* remove_contact */,
				1B90998914EA600600B19283 /* save_contact */,
				1B90998A14EA600600B19283 /* select_contact */,
			);
			path = contacts;
			sourceTree = "<group>";
		};
		1B90998814EA600600B19283 /* remove_contact */ = {
			isa = PBXGroup;
			children = (
				1B90999414EA605300B19283 /* JDWRemoveContactPlugin.m */,
			);
			path = remove_contact;
			sourceTree = "<group>";
		};
		1B90998914EA600600B19283 /* save_contact */ = {
			isa = PBXGroup;
			children = (
				1B90999814EA607400B19283 /* JDWSilentSaveContactPlugin.m */,
				1B90999C14EA608E00B19283 /* JDWSaveContactPlugin.m */,
			);
			path = save_contact;
			sourceTree = "<group>";
		};
		1B90998A14EA600600B19283 /* select_contact */ = {
			isa = PBXGroup;
			children = (
				1B90998C14EA602200B19283 /* JDWSilentSelectContactsPlugin.m */,
				1B90999014EA603A00B19283 /* JDWSelectContactsPlugin.m */,
			);
			path = select_contact;
			sourceTree = "<group>";
		};
		1B96845714FCEEE700B0135F /* motion_manager */ = {
			isa = PBXGroup;
			children = (
				1B96845E14FCEF3C00B0135F /* motion_manager.js */,
				1B96846914FCF19B00B0135F /* motion_manager.js.h */,
				1B96845914FCEF0B00B0135F /* accelerometer */,
			);
			path = motion_manager;
			sourceTree = "<group>";
		};
		1B96845914FCEF0B00B0135F /* accelerometer */ = {
			isa = PBXGroup;
			children = (
				1B96845B14FCEF1A00B0135F /* JWSAccelerometerListener.m */,
			);
			path = accelerometer;
			sourceTree = "<group>";
		};
		1BBB07DC14E56C16003E77D0 /* Details */ = {
			isa = PBXGroup;
			children = (
				1BBB07DE14E56C40003E77D0 /* pathToAllPluginsJavascripts.h */,
				1BBB07DF14E56C40003E77D0 /* pathToAllPluginsJavascripts.m */,
				1BE73D3614E940920072C825 /* SCWebViewTapGestureRecognizer.h */,
				1BE73D3714E940920072C825 /* SCWebViewTapGestureRecognizer.m */,
				1BB95D5B1512054200B4F9B2 /* NSArray+AddressesDictionariesWithJSON.h */,
				1BB95D5C1512054200B4F9B2 /* NSArray+AddressesDictionariesWithJSON.m */,
				1BB95D5F1512114500B4F9B2 /* NSDictionary+ContactAddressExtensions.h */,
				1BB95D601512114500B4F9B2 /* NSDictionary+ContactAddressExtensions.m */,
			);
			path = Details;
			sourceTree = "<group>";
		};
		1BBBDAC01506718500E7FA83 /* beep */ = {
			isa = PBXGroup;
			children = (
				1BBBDAC11506718500E7FA83 /* beep.caf */,
				1BBBDAC21506718500E7FA83 /* beep.caf.h */,
				1BBBDAC31506718500E7FA83 /* JBeepFileURL.h */,
				1BBBDAC41506718500E7FA83 /* JBeepFileURL.m */,
				1BBBDAC51506718500E7FA83 /* JDWBeepPlugin.m */,
			);
			path = beep;
			sourceTree = "<group>";
		};
		1BBCAC521510ED8600199B37 /* google_maps */ = {
			isa = PBXGroup;
			children = (
				1BBCAC581510F03500199B37 /* google_maps.js */,
				1BBCAC5A1510F4FD00199B37 /* google_maps.js.h */,
				1BBCAC531510EDBA00199B37 /* show_addresses */,
			);
			path = google_maps;
			sourceTree = "<group>";
		};
		1BBCAC531510EDBA00199B37 /* show_addresses */ = {
			isa = PBXGroup;
			children = (
				1BBCAC551510F02500199B37 /* SCMapViewAddressesPlugin.m */,
			);
			path = show_addresses;
			sourceTree = "<group>";
		};
		1BE4B43614F3B315003A9BF2 /* Detail */ = {
			isa = PBXGroup;
			children = (
				1BE4B43814F3B34D003A9BF2 /* SCContactAddress.h */,
				1BE4B43914F3B34D003A9BF2 /* SCContactAddress.m */,
			);
			path = Detail;
			sourceTree = "<group>";
		};
		1BE73D3B14E953300072C825 /* Extensions */ = {
			isa = PBXGroup;
			children = (
				1BE73D3C14E953840072C825 /* UIPopoverController+PresentPopoverInWebView.h */,
				1BE73D3D14E953840072C825 /* UIPopoverController+PresentPopoverInWebView.m */,
				1BE73D4014E95C560072C825 /* UIWebView+SCWebViewStates.h */,
				1BE73D4114E95C560072C825 /* UIWebView+SCWebViewStates.m */,
			);
			path = Extensions;
			sourceTree = "<group>";
		};
		1BE73D4414E964420072C825 /* Details */ = {
			isa = PBXGroup;
			children = (
				1BE73D4514E9645A0072C825 /* SCWebViewPluginDefaultPlugin.h */,
				1BE73D4614E9645A0072C825 /* SCWebViewPluginDefaultPlugin.m */,
			);
			path = Details;
			sourceTree = "<group>";
		};
		1BFEAFEF14E40DF50039CEBB = {
			isa = PBXGroup;
			children = (
				1BFEAFFF14E40DF50039CEBB /* SCWebPlugins */,
				1BFEAFFC14E40DF50039CEBB /* Frameworks */,
				1BFEAFFB14E40DF50039CEBB /* Products */,
			);
			sourceTree = "<group>";
		};
		1BFEAFFB14E40DF50039CEBB /* Products */ = {
			isa = PBXGroup;
			children = (
				1BFEAFFA14E40DF50039CEBB /* libSCWebPlugins.a */,
				1BFEB13514E41F3F0039CEBB /* BuildJS.bundle */,
			);
			name = Products;
			sourceTree = "<group>";
		};
		1BFEAFFC14E40DF50039CEBB /* Frameworks */ = {
			isa = PBXGroup;
			children = (
				1BFEAFFD14E40DF50039CEBB /* Foundation.framework */,
				1BFEB13614E41F3F0039CEBB /* Cocoa.framework */,
				1BFEB13814E41F3F0039CEBB /* Other Frameworks */,
			);
			name = Frameworks;
			sourceTree = "<group>";
		};
		1BFEAFFF14E40DF50039CEBB /* SCWebPlugins */ = {
			isa = PBXGroup;
			children = (
				1BE73D3B14E953300072C825 /* Extensions */,
				1BBB07DC14E56C16003E77D0 /* Details */,
				1BFEB14714E41F930039CEBB /* Javascript */,
				1BFEB05814E412930039CEBB /* Plugins */,
				1BFEB05114E40F090039CEBB /* UIWebView+SCWebViewPlugins.h */,
				1BFEB05214E40F090039CEBB /* UIWebView+SCWebViewPlugins.m */,
				1BFEB00214E40DF50039CEBB /* SCWebPlugins.h */,
				1BFEB00014E40DF50039CEBB /* Supporting Files */,
			);
			path = SCWebPlugins;
			sourceTree = "<group>";
		};
		1BFEB00014E40DF50039CEBB /* Supporting Files */ = {
			isa = PBXGroup;
			children = (
				1BFEB00114E40DF50039CEBB /* SCWebPlugins-Prefix.pch */,
			);
			name = "Supporting Files";
			sourceTree = "<group>";
		};
		1BFEB05814E412930039CEBB /* Plugins */ = {
			isa = PBXGroup;
			children = (
				1BFEB05914E412AF0039CEBB /* SCWebPlugin.h */,
				1BBB07E214E56DA6003E77D0 /* SCWebViewPluginHolder.h */,
				1BBB07E314E56DA6003E77D0 /* SCWebViewPluginHolder.m */,
				1BE73D4414E964420072C825 /* Details */,
				1B96845714FCEEE700B0135F /* motion_manager */,
				1B1FA56114F29E7000FAE82C /* notification */,
				1B90997B14EA5E9D00B19283 /* contacts */,
				1B90995D14EA4B1D00B19283 /* camera */,
				1B0FB8ED150613AD0056F14E /* share */,
				1BBCAC521510ED8600199B37 /* google_maps */,
			);
			path = Plugins;
			sourceTree = "<group>";
		};
		1BFEB13814E41F3F0039CEBB /* Other Frameworks */ = {
			isa = PBXGroup;
			children = (
				1BFEB13914E41F3F0039CEBB /* AppKit.framework */,
				1BFEB13A14E41F3F0039CEBB /* CoreData.framework */,
				1BFEB13B14E41F3F0039CEBB /* Foundation.framework */,
			);
			name = "Other Frameworks";
			sourceTree = "<group>";
		};
		1BFEB14714E41F930039CEBB /* Javascript */ = {
			isa = PBXGroup;
			children = (
				1BFEB14814E41FBB0039CEBB /* scmobile.js */,
				1BFEB14E14E420230039CEBB /* scmobile.js.h */,
				1BFEB14A14E41FF70039CEBB /* SCMobilePluginsJavaScriptExport.h */,
				1BFEB14B14E41FF70039CEBB /* SCMobilePluginsJavaScriptExport.m */,
			);
			path = Javascript;
			sourceTree = "<group>";
		};
/* End PBXGroup section */

/* Begin PBXHeadersBuildPhase section */
		1BFEAFF814E40DF50039CEBB /* Headers */ = {
			isa = PBXHeadersBuildPhase;
			buildActionMask = 2147483647;
			files = (
				1BFEB05314E40F090039CEBB /* UIWebView+SCWebViewPlugins.h in Headers */,
				1BFEB05A14E412AF0039CEBB /* SCWebPlugin.h in Headers */,
				1BFEB14C14E41FF70039CEBB /* SCMobilePluginsJavaScriptExport.h in Headers */,
				1BFEB14F14E420230039CEBB /* scmobile.js.h in Headers */,
				1BBB07E014E56C40003E77D0 /* pathToAllPluginsJavascripts.h in Headers */,
				1BBB07E414E56DA6003E77D0 /* SCWebViewPluginHolder.h in Headers */,
				1BE73D3814E940920072C825 /* SCWebViewTapGestureRecognizer.h in Headers */,
				1BE73D3E14E953840072C825 /* UIPopoverController+PresentPopoverInWebView.h in Headers */,
				1BE73D4214E95C570072C825 /* UIWebView+SCWebViewStates.h in Headers */,
				1BE73D4714E9645A0072C825 /* SCWebViewPluginDefaultPlugin.h in Headers */,
				1B90996514EA4B1D00B19283 /* camera.js.h in Headers */,
				1B90996714EA4B1D00B19283 /* cameraSourceType.js.h in Headers */,
				1B90997014EA4E8A00B19283 /* NSArray+CameraSourceTypes.h in Headers */,
				1B90997F14EA5EDD00B19283 /* contacts.js.h in Headers */,
				1B90998614EA5FD100B19283 /* NSArray+kABMultiValue.h in Headers */,
				1B9099A114EA60B400B19283 /* NSArray+ContactsToJSON.h in Headers */,
				1B1BA9DC14EAA7570040D99E /* SCContact.h in Headers */,
				1B1BA9E014EAA8220040D99E /* SCContactField.h in Headers */,
				1B1BA9E414EAA99F0040D99E /* SCContactStringField.h in Headers */,
				1B0E822414EBCDAE001D4299 /* SCContactStringArrayField.h in Headers */,
				1B0E822914EBD2AA001D4299 /* SCContactEmailsField.h in Headers */,
				1B0E826914EBDAE4001D4299 /* SCContactDateField.h in Headers */,
				1B100F0E14ED148700B9E6F4 /* SCContactPhotoField.h in Headers */,
				1B100F8814ED317700B9E6F4 /* SCContactDictionaryArrayField.h in Headers */,
				1B1FA57514F2A6C300FAE82C /* notifications.js.h in Headers */,
				1BE4B43A14F3B34D003A9BF2 /* SCContactAddress.h in Headers */,
				1B96846A14FCF19B00B0135F /* motion_manager.js.h in Headers */,
				1BF8BDBB15050A01006F4D7F /* SCWaitView.h in Headers */,
				1B0FB8F4150613D60056F14E /* twitter.js.h in Headers */,
				1BBBDA65150666DC00E7FA83 /* email.js.h in Headers */,
				1BBBDA681506676C00E7FA83 /* SCEmailFields.h in Headers */,
				1BBBDAC61506718500E7FA83 /* beep.caf.h in Headers */,
				1BBBDAC71506718500E7FA83 /* JBeepFileURL.h in Headers */,
				1BBCAC5B1510F4FD00199B37 /* google_maps.js.h in Headers */,
				1BB95D5D1512054300B4F9B2 /* NSArray+AddressesDictionariesWithJSON.h in Headers */,
				1BB95D611512114500B4F9B2 /* NSDictionary+ContactAddressExtensions.h in Headers */,
				7E84E5EB15E25BDB00FB8E36 /* SCAddressBookFactory.h in Headers */,
				7E84E61915E2660800FB8E36 /* SCAddressBook.h in Headers */,
			);
			runOnlyForDeploymentPostprocessing = 0;
		};
/* End PBXHeadersBuildPhase section */

/* Begin PBXNativeTarget section */
		1BFEAFF914E40DF50039CEBB /* SCWebPlugins */ = {
			isa = PBXNativeTarget;
			buildConfigurationList = 1BFEB00714E40DF50039CEBB /* Build configuration list for PBXNativeTarget "SCWebPlugins" */;
			buildPhases = (
				1BFEAFF614E40DF50039CEBB /* Sources */,
				1BFEAFF714E40DF50039CEBB /* Frameworks */,
				1BFEAFF814E40DF50039CEBB /* Headers */,
			);
			buildRules = (
			);
			dependencies = (
				1BFEB15B14E420F70039CEBB /* PBXTargetDependency */,
			);
			name = SCWebPlugins;
			productName = SCWebPlugins;
			productReference = 1BFEAFFA14E40DF50039CEBB /* libSCWebPlugins.a */;
			productType = "com.apple.product-type.library.static";
		};
		1BFEB13414E41F3F0039CEBB /* BuildJS */ = {
			isa = PBXNativeTarget;
			buildConfigurationList = 1BFEB14514E41F3F0039CEBB /* Build configuration list for PBXNativeTarget "BuildJS" */;
			buildPhases = (
				1BFEB13114E41F3F0039CEBB /* Sources */,
				1BFEB13214E41F3F0039CEBB /* Frameworks */,
				1BFEB13314E41F3F0039CEBB /* Resources */,
				1BFEB15914E4209A0039CEBB /* ShellScript */,
			);
			buildRules = (
			);
			dependencies = (
			);
			name = BuildJS;
			productName = BuildJS;
			productReference = 1BFEB13514E41F3F0039CEBB /* BuildJS.bundle */;
			productType = "com.apple.product-type.bundle";
		};
/* End PBXNativeTarget section */

/* Begin PBXProject section */
		1BFEAFF114E40DF50039CEBB /* Project object */ = {
			isa = PBXProject;
			attributes = {
				LastUpgradeCheck = 0440;
			};
			buildConfigurationList = 1BFEAFF414E40DF50039CEBB /* Build configuration list for PBXProject "SCWebPlugins" */;
			compatibilityVersion = "Xcode 3.2";
			developmentRegion = English;
			hasScannedForEncodings = 0;
			knownRegions = (
				en,
			);
			mainGroup = 1BFEAFEF14E40DF50039CEBB;
			productRefGroup = 1BFEAFFB14E40DF50039CEBB /* Products */;
			projectDirPath = "";
			projectRoot = "";
			targets = (
				1BFEAFF914E40DF50039CEBB /* SCWebPlugins */,
				1BFEB13414E41F3F0039CEBB /* BuildJS */,
			);
		};
/* End PBXProject section */

/* Begin PBXResourcesBuildPhase section */
		1BFEB13314E41F3F0039CEBB /* Resources */ = {
			isa = PBXResourcesBuildPhase;
			buildActionMask = 2147483647;
			files = (
			);
			runOnlyForDeploymentPostprocessing = 0;
		};
/* End PBXResourcesBuildPhase section */

/* Begin PBXShellScriptBuildPhase section */
		1BFEB15914E4209A0039CEBB /* ShellScript */ = {
			isa = PBXShellScriptBuildPhase;
			buildActionMask = 2147483647;
			files = (
			);
			inputPaths = (
			);
			outputPaths = (
			);
			runOnlyForDeploymentPostprocessing = 0;
			shellPath = /bin/sh;
			shellScript = "#/bin/sh\n#compile javascript\ntouch ./SCWebPlugins/Javascript/SCMobilePluginsJavaScriptExport.m\nxxd -i ./SCWebPlugins/Javascript/scmobile.js > ./SCWebPlugins/Javascript/scmobile.js.h\n\n#contacts\ntouch ./SCWebPlugins/Plugins/contacts/select_contact/JDWSilentSelectContactsPlugin.m\nxxd -i ./SCWebPlugins/Plugins/contacts/contacts.js > ./SCWebPlugins/Plugins/contacts/contacts.js.h\n\n#notifications\ntouch ./SCWebPlugins/Plugins/notification/alert/JWSAlertListener.m\nxxd -i ./SCWebPlugins/Plugins/notification/notifications.js > ./SCWebPlugins/Plugins/notification/notifications.js.h\n\n#Accelerometer\ntouch ./SCWebPlugins/Plugins/motion_manager/accelerometer/JWSAccelerometerListener.m\nxxd -i ./SCWebPlugins/Plugins/motion_manager/motion_manager.js > ./SCWebPlugins/Plugins/motion_manager/motion_manager.js.h\n\n#compile twitter\ntouch ./SCWebPlugins/Plugins/share/twitter/JDWTwitterPlugin.m\nxxd -i ./SCWebPlugins/Plugins/share/twitter/twitter.js > ./SCWebPlugins/Plugins/share/twitter/twitter.js.h\n\n#compile emails\ntouch ./SCWebPlugins/Plugins/share/email/JDWEmailPlugin.m\nxxd -i ./SCWebPlugins/Plugins/share/email/email.js > ./SCWebPlugins/Plugins/share/email/email.js.h\n\n#compile google_maps\ntouch ./SCWebPlugins/Plugins/google_maps/show_addresses/SCMapViewAddressesPlugin.m\nxxd -i ./SCWebPlugins/Plugins/google_maps/google_maps.js > ./SCWebPlugins/Plugins/google_maps/google_maps.js.h\n\n#compile audio\nxxd -i ./SCWebPlugins/Plugins/notification/beep/beep.caf > ./SCWebPlugins/Plugins/notification/beep/beep.caf.h\n";
		};
/* End PBXShellScriptBuildPhase section */

/* Begin PBXSourcesBuildPhase section */
		1BFEAFF614E40DF50039CEBB /* Sources */ = {
			isa = PBXSourcesBuildPhase;
			buildActionMask = 2147483647;
			files = (
				1BFEB05414E40F090039CEBB /* UIWebView+SCWebViewPlugins.m in Sources */,
				1BFEB14D14E41FF70039CEBB /* SCMobilePluginsJavaScriptExport.m in Sources */,
				1BBB07E114E56C40003E77D0 /* pathToAllPluginsJavascripts.m in Sources */,
				1BBB07E514E56DA6003E77D0 /* SCWebViewPluginHolder.m in Sources */,
				1BE73D3914E940920072C825 /* SCWebViewTapGestureRecognizer.m in Sources */,
				1BE73D3F14E953840072C825 /* UIPopoverController+PresentPopoverInWebView.m in Sources */,
				1BE73D4314E95C570072C825 /* UIWebView+SCWebViewStates.m in Sources */,
				1BE73D4814E9645A0072C825 /* SCWebViewPluginDefaultPlugin.m in Sources */,
				1B90996814EA4B1D00B19283 /* SCGetPicturePlugin.m in Sources */,
				1B90997114EA4E8A00B19283 /* NSArray+CameraSourceTypes.m in Sources */,
				1B90998714EA5FD100B19283 /* NSArray+kABMultiValue.m in Sources */,
				1B90998E14EA602200B19283 /* JDWSilentSelectContactsPlugin.m in Sources */,
				1B90999214EA603A00B19283 /* JDWSelectContactsPlugin.m in Sources */,
				1B90999614EA605300B19283 /* JDWRemoveContactPlugin.m in Sources */,
				1B90999A14EA607400B19283 /* JDWSilentSaveContactPlugin.m in Sources */,
				1B90999E14EA608E00B19283 /* JDWSaveContactPlugin.m in Sources */,
				1B9099A214EA60B400B19283 /* NSArray+ContactsToJSON.m in Sources */,
				1B1BA9DD14EAA7570040D99E /* SCContact.m in Sources */,
				1B1BA9E114EAA8220040D99E /* SCContactField.m in Sources */,
				1B1BA9E514EAA99F0040D99E /* SCContactStringField.m in Sources */,
				1B0E822514EBCDAE001D4299 /* SCContactStringArrayField.m in Sources */,
				1B0E822A14EBD2AA001D4299 /* SCContactEmailsField.m in Sources */,
				1B0E826A14EBDAE4001D4299 /* SCContactDateField.m in Sources */,
				1B100F0F14ED148700B9E6F4 /* SCContactPhotoField.m in Sources */,
				1B100F8914ED317700B9E6F4 /* SCContactDictionaryArrayField.m in Sources */,
				1B1FA56A14F2A3E700FAE82C /* JWSAlertListener.m in Sources */,
				1BE4B43B14F3B34D003A9BF2 /* SCContactAddress.m in Sources */,
				1B96845D14FCEF1A00B0135F /* JWSAccelerometerListener.m in Sources */,
				1BF8BDBC15050A01006F4D7F /* SCWaitView.m in Sources */,
				1B0FB8F8150613E30056F14E /* JDWTwitterPlugin.m in Sources */,
				1BBBDA691506676C00E7FA83 /* SCEmailFields.m in Sources */,
				1BBBDA761506678E00E7FA83 /* JDWEmailPlugin.m in Sources */,
				1BBBDAC81506718500E7FA83 /* JBeepFileURL.m in Sources */,
				1BBBDAC91506718500E7FA83 /* JDWBeepPlugin.m in Sources */,
				1BBCAC571510F02500199B37 /* SCMapViewAddressesPlugin.m in Sources */,
				1BB95D5E1512054300B4F9B2 /* NSArray+AddressesDictionariesWithJSON.m in Sources */,
				1BB95D621512114500B4F9B2 /* NSDictionary+ContactAddressExtensions.m in Sources */,
				7E84E5EC15E25BDB00FB8E36 /* SCAddressBookFactory.mm in Sources */,
				7E84E61A15E2660800FB8E36 /* SCAddressBook.m in Sources */,
			);
			runOnlyForDeploymentPostprocessing = 0;
		};
		1BFEB13114E41F3F0039CEBB /* Sources */ = {
			isa = PBXSourcesBuildPhase;
			buildActionMask = 2147483647;
			files = (
			);
			runOnlyForDeploymentPostprocessing = 0;
		};
/* End PBXSourcesBuildPhase section */

/* Begin PBXTargetDependency section */
		1BFEB15B14E420F70039CEBB /* PBXTargetDependency */ = {
			isa = PBXTargetDependency;
			target = 1BFEB13414E41F3F0039CEBB /* BuildJS */;
			targetProxy = 1BFEB15A14E420F70039CEBB /* PBXContainerItemProxy */;
		};
/* End PBXTargetDependency section */

/* Begin XCBuildConfiguration section */
		1BFEB00514E40DF50039CEBB /* Debug */ = {
			isa = XCBuildConfiguration;
			buildSettings = {
				ALWAYS_SEARCH_USER_PATHS = NO;
				ARCHS = "$(ARCHS_STANDARD_32_BIT)";
				CLANG_ENABLE_OBJC_ARC = YES;
				CLANG_WARN_IMPLICIT_SIGN_CONVERSION = YES;
				CLANG_WARN_OBJCPP_ARC_ABI = YES;
				CLANG_WARN_OBJC_IMPLICIT_ATOMIC_PROPERTIES = YES;
				CLANG_WARN_SUSPICIOUS_IMPLICIT_CONVERSION = YES;
				CLANG_WARN__DUPLICATE_METHOD_MATCH = YES;
				COPY_PHASE_STRIP = NO;
				GCC_C_LANGUAGE_STANDARD = gnu99;
				GCC_DYNAMIC_NO_PIC = NO;
				GCC_OPTIMIZATION_LEVEL = 0;
				GCC_PREPROCESSOR_DEFINITIONS = (
					"DEBUG=1",
					"$(inherited)",
				);
				GCC_SYMBOLS_PRIVATE_EXTERN = NO;
				GCC_TREAT_WARNINGS_AS_ERRORS = YES;
				GCC_WARN_64_TO_32_BIT_CONVERSION = YES;
				GCC_WARN_ABOUT_MISSING_PROTOTYPES = YES;
				GCC_WARN_ABOUT_RETURN_TYPE = YES;
				GCC_WARN_SIGN_COMPARE = YES;
				GCC_WARN_UNUSED_VARIABLE = YES;
				HEADER_SEARCH_PATHS = (
					"../../lib-third-party/JFFLibrary/lib",
					../SCMap,
					../SCUtils,
					"../../lib-third-party/ObjcScopedGuard/ObjcScopedGuard",
					"../../lib-third-party",
				);
				IPHONEOS_DEPLOYMENT_TARGET = 5.0;
				SDKROOT = iphoneos;
			};
			name = Debug;
		};
		1BFEB00614E40DF50039CEBB /* Release */ = {
			isa = XCBuildConfiguration;
			buildSettings = {
				ALWAYS_SEARCH_USER_PATHS = NO;
				ARCHS = "$(ARCHS_STANDARD_32_BIT)";
				CLANG_ENABLE_OBJC_ARC = YES;
				CLANG_WARN_IMPLICIT_SIGN_CONVERSION = YES;
				CLANG_WARN_OBJCPP_ARC_ABI = YES;
				CLANG_WARN_OBJC_IMPLICIT_ATOMIC_PROPERTIES = YES;
				CLANG_WARN_SUSPICIOUS_IMPLICIT_CONVERSION = YES;
				CLANG_WARN__DUPLICATE_METHOD_MATCH = YES;
				COPY_PHASE_STRIP = YES;
				GCC_C_LANGUAGE_STANDARD = gnu99;
				GCC_TREAT_WARNINGS_AS_ERRORS = YES;
				GCC_WARN_64_TO_32_BIT_CONVERSION = YES;
				GCC_WARN_ABOUT_MISSING_PROTOTYPES = YES;
				GCC_WARN_ABOUT_RETURN_TYPE = YES;
				GCC_WARN_SIGN_COMPARE = YES;
				GCC_WARN_UNUSED_VARIABLE = YES;
				HEADER_SEARCH_PATHS = (
					"../../lib-third-party/JFFLibrary/lib",
					../SCMap,
					../SCUtils,
					"../../lib-third-party/ObjcScopedGuard/ObjcScopedGuard",
					"../../lib-third-party",
				);
				IPHONEOS_DEPLOYMENT_TARGET = 5.0;
				SDKROOT = iphoneos;
				VALIDATE_PRODUCT = YES;
			};
			name = Release;
		};
		1BFEB00814E40DF50039CEBB /* Debug */ = {
			isa = XCBuildConfiguration;
			buildSettings = {
				DSTROOT = /tmp/SCWebPlugins.dst;
				GCC_PRECOMPILE_PREFIX_HEADER = YES;
				GCC_PREFIX_HEADER = "SCWebPlugins/SCWebPlugins-Prefix.pch";
				OTHER_LDFLAGS = "-ObjC";
				PRODUCT_NAME = "$(TARGET_NAME)";
				SKIP_INSTALL = YES;
			};
			name = Debug;
		};
		1BFEB00914E40DF50039CEBB /* Release */ = {
			isa = XCBuildConfiguration;
			buildSettings = {
				DSTROOT = /tmp/SCWebPlugins.dst;
				GCC_PRECOMPILE_PREFIX_HEADER = YES;
				GCC_PREFIX_HEADER = "SCWebPlugins/SCWebPlugins-Prefix.pch";
				OTHER_LDFLAGS = "-ObjC";
				PRODUCT_NAME = "$(TARGET_NAME)";
				SKIP_INSTALL = YES;
			};
			name = Release;
		};
		1BFEB14314E41F3F0039CEBB /* Debug */ = {
			isa = XCBuildConfiguration;
			buildSettings = {
				ARCHS = "$(ARCHS_STANDARD_64_BIT)";
				COMBINE_HIDPI_IMAGES = YES;
				FRAMEWORK_SEARCH_PATHS = (
					"$(inherited)",
					"\"$(DEVELOPER_FRAMEWORKS_DIR)\"",
				);
				GCC_ENABLE_OBJC_EXCEPTIONS = YES;
				GCC_PRECOMPILE_PREFIX_HEADER = YES;
				GCC_WARN_64_TO_32_BIT_CONVERSION = YES;
				INSTALL_PATH = "$(LOCAL_LIBRARY_DIR)/Bundles";
				MACOSX_DEPLOYMENT_TARGET = 10.7;
				ONLY_ACTIVE_ARCH = YES;
				PRODUCT_NAME = "$(TARGET_NAME)";
				SDKROOT = macosx;
				WRAPPER_EXTENSION = bundle;
			};
			name = Debug;
		};
		1BFEB14414E41F3F0039CEBB /* Release */ = {
			isa = XCBuildConfiguration;
			buildSettings = {
				ARCHS = "$(ARCHS_STANDARD_64_BIT)";
				COMBINE_HIDPI_IMAGES = YES;
				DEBUG_INFORMATION_FORMAT = "dwarf-with-dsym";
				FRAMEWORK_SEARCH_PATHS = (
					"$(inherited)",
					"\"$(DEVELOPER_FRAMEWORKS_DIR)\"",
				);
				GCC_ENABLE_OBJC_EXCEPTIONS = YES;
				GCC_PRECOMPILE_PREFIX_HEADER = YES;
				GCC_WARN_64_TO_32_BIT_CONVERSION = YES;
				INSTALL_PATH = "$(LOCAL_LIBRARY_DIR)/Bundles";
				MACOSX_DEPLOYMENT_TARGET = 10.7;
				PRODUCT_NAME = "$(TARGET_NAME)";
				SDKROOT = macosx;
				WRAPPER_EXTENSION = bundle;
			};
			name = Release;
		};
/* End XCBuildConfiguration section */

/* Begin XCConfigurationList section */
		1BFEAFF414E40DF50039CEBB /* Build configuration list for PBXProject "SCWebPlugins" */ = {
			isa = XCConfigurationList;
			buildConfigurations = (
				1BFEB00514E40DF50039CEBB /* Debug */,
				1BFEB00614E40DF50039CEBB /* Release */,
			);
			defaultConfigurationIsVisible = 0;
			defaultConfigurationName = Release;
		};
		1BFEB00714E40DF50039CEBB /* Build configuration list for PBXNativeTarget "SCWebPlugins" */ = {
			isa = XCConfigurationList;
			buildConfigurations = (
				1BFEB00814E40DF50039CEBB /* Debug */,
				1BFEB00914E40DF50039CEBB /* Release */,
			);
			defaultConfigurationIsVisible = 0;
			defaultConfigurationName = Release;
		};
		1BFEB14514E41F3F0039CEBB /* Build configuration list for PBXNativeTarget "BuildJS" */ = {
			isa = XCConfigurationList;
			buildConfigurations = (
				1BFEB14314E41F3F0039CEBB /* Debug */,
				1BFEB14414E41F3F0039CEBB /* Release */,
			);
			defaultConfigurationIsVisible = 0;
			defaultConfigurationName = Release;
		};
/* End XCConfigurationList section */
	};
	rootObject = 1BFEAFF114E40DF50039CEBB /* Project object */;
}
