// !$*UTF8*$!
{
	archiveVersion = 1;
	classes = {
	};
	objectVersion = 46;
	objects = {

/* Begin PBXBuildFile section */
		7E5C358218D36A05005D90AE /* SitecoreMobileJavaScript.framework in Frameworks */ = {isa = PBXBuildFile; fileRef = 7E5C357F18D36A05005D90AE /* SitecoreMobileJavaScript.framework */; };
		7E5C358318D36A05005D90AE /* SitecoreMobileSDK.framework in Frameworks */ = {isa = PBXBuildFile; fileRef = 7E5C358018D36A05005D90AE /* SitecoreMobileSDK.framework */; };
		7E5C358418D36A05005D90AE /* SitecoreMobileUI.framework in Frameworks */ = {isa = PBXBuildFile; fileRef = 7E5C358118D36A05005D90AE /* SitecoreMobileUI.framework */; };
		7E5C358718D36A72005D90AE /* libc++.dylib in Frameworks */ = {isa = PBXBuildFile; fileRef = 7E5C358518D36A72005D90AE /* libc++.dylib */; };
		7E5C358818D36A72005D90AE /* libstdc++.dylib in Frameworks */ = {isa = PBXBuildFile; fileRef = 7E5C358618D36A72005D90AE /* libstdc++.dylib */; };
		7E5C358A18D36A77005D90AE /* libsqlite3.dylib in Frameworks */ = {isa = PBXBuildFile; fileRef = 7E5C358918D36A77005D90AE /* libsqlite3.dylib */; };
		7E5C358C18D36A7B005D90AE /* libxml2.dylib in Frameworks */ = {isa = PBXBuildFile; fileRef = 7E5C358B18D36A7B005D90AE /* libxml2.dylib */; };
		7E5C358E18D36A80005D90AE /* libiconv.dylib in Frameworks */ = {isa = PBXBuildFile; fileRef = 7E5C358D18D36A80005D90AE /* libiconv.dylib */; };
		7E5C359018D36A98005D90AE /* libz.dylib in Frameworks */ = {isa = PBXBuildFile; fileRef = 7E5C358F18D36A98005D90AE /* libz.dylib */; };
		7E5C359218D36A9D005D90AE /* CFNetwork.framework in Frameworks */ = {isa = PBXBuildFile; fileRef = 7E5C359118D36A9D005D90AE /* CFNetwork.framework */; };
		7E5C359418D36AAB005D90AE /* Social.framework in Frameworks */ = {isa = PBXBuildFile; fileRef = 7E5C359318D36AAB005D90AE /* Social.framework */; };
		7E5C359718D36AB0005D90AE /* AddressBook.framework in Frameworks */ = {isa = PBXBuildFile; fileRef = 7E5C359518D36AB0005D90AE /* AddressBook.framework */; };
		7E5C359818D36AB0005D90AE /* AddressBookUI.framework in Frameworks */ = {isa = PBXBuildFile; fileRef = 7E5C359618D36AB0005D90AE /* AddressBookUI.framework */; };
		7E5C359A18D36AB5005D90AE /* MessageUI.framework in Frameworks */ = {isa = PBXBuildFile; fileRef = 7E5C359918D36AB5005D90AE /* MessageUI.framework */; };
		7E5C359D18D36AC8005D90AE /* EventKit.framework in Frameworks */ = {isa = PBXBuildFile; fileRef = 7E5C359B18D36AC8005D90AE /* EventKit.framework */; };
		7E5C359E18D36AC8005D90AE /* EventKitUI.framework in Frameworks */ = {isa = PBXBuildFile; fileRef = 7E5C359C18D36AC8005D90AE /* EventKitUI.framework */; };
		7E5C35A018D36ADB005D90AE /* CoreMotion.framework in Frameworks */ = {isa = PBXBuildFile; fileRef = 7E5C359F18D36ADB005D90AE /* CoreMotion.framework */; };
		7E5C35A218D36ADF005D90AE /* CoreLocation.framework in Frameworks */ = {isa = PBXBuildFile; fileRef = 7E5C35A118D36ADF005D90AE /* CoreLocation.framework */; };
		7E5C35A418D36AE3005D90AE /* MapKit.framework in Frameworks */ = {isa = PBXBuildFile; fileRef = 7E5C35A318D36AE3005D90AE /* MapKit.framework */; };
		7E5C35A718D36B0A005D90AE /* AudioToolbox.framework in Frameworks */ = {isa = PBXBuildFile; fileRef = 7E5C35A518D36B0A005D90AE /* AudioToolbox.framework */; };
		7E5C35A818D36B0A005D90AE /* CoreAudio.framework in Frameworks */ = {isa = PBXBuildFile; fileRef = 7E5C35A618D36B0A005D90AE /* CoreAudio.framework */; };
		7E5C35AB18D36B18005D90AE /* CoreMedia.framework in Frameworks */ = {isa = PBXBuildFile; fileRef = 7E5C35A918D36B18005D90AE /* CoreMedia.framework */; };
		7E5C35AC18D36B18005D90AE /* CoreVideo.framework in Frameworks */ = {isa = PBXBuildFile; fileRef = 7E5C35AA18D36B18005D90AE /* CoreVideo.framework */; };
		7EC4905718D35C8700D87566 /* Foundation.framework in Frameworks */ = {isa = PBXBuildFile; fileRef = 7EC4905618D35C8700D87566 /* Foundation.framework */; };
		7EC4905918D35C8700D87566 /* CoreGraphics.framework in Frameworks */ = {isa = PBXBuildFile; fileRef = 7EC4905818D35C8700D87566 /* CoreGraphics.framework */; };
		7EC4905B18D35C8700D87566 /* UIKit.framework in Frameworks */ = {isa = PBXBuildFile; fileRef = 7EC4905A18D35C8700D87566 /* UIKit.framework */; };
		7EC4906118D35C8700D87566 /* InfoPlist.strings in Resources */ = {isa = PBXBuildFile; fileRef = 7EC4905F18D35C8700D87566 /* InfoPlist.strings */; };
		7EC4906318D35C8700D87566 /* main.m in Sources */ = {isa = PBXBuildFile; fileRef = 7EC4906218D35C8700D87566 /* main.m */; };
		7EC4906718D35C8700D87566 /* JDAppDelegate.m in Sources */ = {isa = PBXBuildFile; fileRef = 7EC4906618D35C8700D87566 /* JDAppDelegate.m */; };
		7EC4906A18D35C8700D87566 /* Main.storyboard in Resources */ = {isa = PBXBuildFile; fileRef = 7EC4906818D35C8700D87566 /* Main.storyboard */; };
		7EC4906D18D35C8700D87566 /* JDViewController.m in Sources */ = {isa = PBXBuildFile; fileRef = 7EC4906C18D35C8700D87566 /* JDViewController.m */; };
		7EC4906F18D35C8700D87566 /* Images.xcassets in Resources */ = {isa = PBXBuildFile; fileRef = 7EC4906E18D35C8700D87566 /* Images.xcassets */; };
		7EC4907618D35C8700D87566 /* XCTest.framework in Frameworks */ = {isa = PBXBuildFile; fileRef = 7EC4907518D35C8700D87566 /* XCTest.framework */; };
		7EC4907718D35C8700D87566 /* Foundation.framework in Frameworks */ = {isa = PBXBuildFile; fileRef = 7EC4905618D35C8700D87566 /* Foundation.framework */; };
		7EC4907818D35C8700D87566 /* UIKit.framework in Frameworks */ = {isa = PBXBuildFile; fileRef = 7EC4905A18D35C8700D87566 /* UIKit.framework */; };
		7EC4908018D35C8700D87566 /* InfoPlist.strings in Resources */ = {isa = PBXBuildFile; fileRef = 7EC4907E18D35C8700D87566 /* InfoPlist.strings */; };
		7EC4908218D35C8700D87566 /* MobileJavaScriptDemoTests.m in Sources */ = {isa = PBXBuildFile; fileRef = 7EC4908118D35C8700D87566 /* MobileJavaScriptDemoTests.m */; };
/* End PBXBuildFile section */

/* Begin PBXContainerItemProxy section */
		7EC4907918D35C8700D87566 /* PBXContainerItemProxy */ = {
			isa = PBXContainerItemProxy;
			containerPortal = 7EC4904B18D35C8700D87566 /* Project object */;
			proxyType = 1;
			remoteGlobalIDString = 7EC4905218D35C8700D87566;
			remoteInfo = MobileJavaScriptDemo;
		};
/* End PBXContainerItemProxy section */

/* Begin PBXFileReference section */
		7E5C357F18D36A05005D90AE /* SitecoreMobileJavaScript.framework */ = {isa = PBXFileReference; lastKnownFileType = wrapper.framework; name = SitecoreMobileJavaScript.framework; path = ../../deployment/SitecoreMobileJavaScript.framework; sourceTree = "<group>"; };
		7E5C358018D36A05005D90AE /* SitecoreMobileSDK.framework */ = {isa = PBXFileReference; lastKnownFileType = wrapper.framework; name = SitecoreMobileSDK.framework; path = ../../deployment/SitecoreMobileSDK.framework; sourceTree = "<group>"; };
		7E5C358118D36A05005D90AE /* SitecoreMobileUI.framework */ = {isa = PBXFileReference; lastKnownFileType = wrapper.framework; name = SitecoreMobileUI.framework; path = ../../deployment/SitecoreMobileUI.framework; sourceTree = "<group>"; };
		7E5C358518D36A72005D90AE /* libc++.dylib */ = {isa = PBXFileReference; lastKnownFileType = "compiled.mach-o.dylib"; name = "libc++.dylib"; path = "usr/lib/libc++.dylib"; sourceTree = SDKROOT; };
		7E5C358618D36A72005D90AE /* libstdc++.dylib */ = {isa = PBXFileReference; lastKnownFileType = "compiled.mach-o.dylib"; name = "libstdc++.dylib"; path = "usr/lib/libstdc++.dylib"; sourceTree = SDKROOT; };
		7E5C358918D36A77005D90AE /* libsqlite3.dylib */ = {isa = PBXFileReference; lastKnownFileType = "compiled.mach-o.dylib"; name = libsqlite3.dylib; path = usr/lib/libsqlite3.dylib; sourceTree = SDKROOT; };
		7E5C358B18D36A7B005D90AE /* libxml2.dylib */ = {isa = PBXFileReference; lastKnownFileType = "compiled.mach-o.dylib"; name = libxml2.dylib; path = usr/lib/libxml2.dylib; sourceTree = SDKROOT; };
		7E5C358D18D36A80005D90AE /* libiconv.dylib */ = {isa = PBXFileReference; lastKnownFileType = "compiled.mach-o.dylib"; name = libiconv.dylib; path = usr/lib/libiconv.dylib; sourceTree = SDKROOT; };
		7E5C358F18D36A98005D90AE /* libz.dylib */ = {isa = PBXFileReference; lastKnownFileType = "compiled.mach-o.dylib"; name = libz.dylib; path = usr/lib/libz.dylib; sourceTree = SDKROOT; };
		7E5C359118D36A9D005D90AE /* CFNetwork.framework */ = {isa = PBXFileReference; lastKnownFileType = wrapper.framework; name = CFNetwork.framework; path = System/Library/Frameworks/CFNetwork.framework; sourceTree = SDKROOT; };
		7E5C359318D36AAB005D90AE /* Social.framework */ = {isa = PBXFileReference; lastKnownFileType = wrapper.framework; name = Social.framework; path = System/Library/Frameworks/Social.framework; sourceTree = SDKROOT; };
		7E5C359518D36AB0005D90AE /* AddressBook.framework */ = {isa = PBXFileReference; lastKnownFileType = wrapper.framework; name = AddressBook.framework; path = System/Library/Frameworks/AddressBook.framework; sourceTree = SDKROOT; };
		7E5C359618D36AB0005D90AE /* AddressBookUI.framework */ = {isa = PBXFileReference; lastKnownFileType = wrapper.framework; name = AddressBookUI.framework; path = System/Library/Frameworks/AddressBookUI.framework; sourceTree = SDKROOT; };
		7E5C359918D36AB5005D90AE /* MessageUI.framework */ = {isa = PBXFileReference; lastKnownFileType = wrapper.framework; name = MessageUI.framework; path = System/Library/Frameworks/MessageUI.framework; sourceTree = SDKROOT; };
		7E5C359B18D36AC8005D90AE /* EventKit.framework */ = {isa = PBXFileReference; lastKnownFileType = wrapper.framework; name = EventKit.framework; path = System/Library/Frameworks/EventKit.framework; sourceTree = SDKROOT; };
		7E5C359C18D36AC8005D90AE /* EventKitUI.framework */ = {isa = PBXFileReference; lastKnownFileType = wrapper.framework; name = EventKitUI.framework; path = System/Library/Frameworks/EventKitUI.framework; sourceTree = SDKROOT; };
		7E5C359F18D36ADB005D90AE /* CoreMotion.framework */ = {isa = PBXFileReference; lastKnownFileType = wrapper.framework; name = CoreMotion.framework; path = System/Library/Frameworks/CoreMotion.framework; sourceTree = SDKROOT; };
		7E5C35A118D36ADF005D90AE /* CoreLocation.framework */ = {isa = PBXFileReference; lastKnownFileType = wrapper.framework; name = CoreLocation.framework; path = System/Library/Frameworks/CoreLocation.framework; sourceTree = SDKROOT; };
		7E5C35A318D36AE3005D90AE /* MapKit.framework */ = {isa = PBXFileReference; lastKnownFileType = wrapper.framework; name = MapKit.framework; path = System/Library/Frameworks/MapKit.framework; sourceTree = SDKROOT; };
		7E5C35A518D36B0A005D90AE /* AudioToolbox.framework */ = {isa = PBXFileReference; lastKnownFileType = wrapper.framework; name = AudioToolbox.framework; path = System/Library/Frameworks/AudioToolbox.framework; sourceTree = SDKROOT; };
		7E5C35A618D36B0A005D90AE /* CoreAudio.framework */ = {isa = PBXFileReference; lastKnownFileType = wrapper.framework; name = CoreAudio.framework; path = System/Library/Frameworks/CoreAudio.framework; sourceTree = SDKROOT; };
		7E5C35A918D36B18005D90AE /* CoreMedia.framework */ = {isa = PBXFileReference; lastKnownFileType = wrapper.framework; name = CoreMedia.framework; path = System/Library/Frameworks/CoreMedia.framework; sourceTree = SDKROOT; };
		7E5C35AA18D36B18005D90AE /* CoreVideo.framework */ = {isa = PBXFileReference; lastKnownFileType = wrapper.framework; name = CoreVideo.framework; path = System/Library/Frameworks/CoreVideo.framework; sourceTree = SDKROOT; };
		7EC4905318D35C8700D87566 /* MobileJavaScriptDemo.app */ = {isa = PBXFileReference; explicitFileType = wrapper.application; includeInIndex = 0; path = MobileJavaScriptDemo.app; sourceTree = BUILT_PRODUCTS_DIR; };
		7EC4905618D35C8700D87566 /* Foundation.framework */ = {isa = PBXFileReference; lastKnownFileType = wrapper.framework; name = Foundation.framework; path = System/Library/Frameworks/Foundation.framework; sourceTree = SDKROOT; };
		7EC4905818D35C8700D87566 /* CoreGraphics.framework */ = {isa = PBXFileReference; lastKnownFileType = wrapper.framework; name = CoreGraphics.framework; path = System/Library/Frameworks/CoreGraphics.framework; sourceTree = SDKROOT; };
		7EC4905A18D35C8700D87566 /* UIKit.framework */ = {isa = PBXFileReference; lastKnownFileType = wrapper.framework; name = UIKit.framework; path = System/Library/Frameworks/UIKit.framework; sourceTree = SDKROOT; };
		7EC4905E18D35C8700D87566 /* MobileJavaScriptDemo-Info.plist */ = {isa = PBXFileReference; lastKnownFileType = text.plist.xml; path = "MobileJavaScriptDemo-Info.plist"; sourceTree = "<group>"; };
		7EC4906018D35C8700D87566 /* en */ = {isa = PBXFileReference; lastKnownFileType = text.plist.strings; name = en; path = en.lproj/InfoPlist.strings; sourceTree = "<group>"; };
		7EC4906218D35C8700D87566 /* main.m */ = {isa = PBXFileReference; lastKnownFileType = sourcecode.c.objc; path = main.m; sourceTree = "<group>"; };
		7EC4906418D35C8700D87566 /* MobileJavaScriptDemo-Prefix.pch */ = {isa = PBXFileReference; lastKnownFileType = sourcecode.c.h; path = "MobileJavaScriptDemo-Prefix.pch"; sourceTree = "<group>"; };
		7EC4906518D35C8700D87566 /* JDAppDelegate.h */ = {isa = PBXFileReference; lastKnownFileType = sourcecode.c.h; path = JDAppDelegate.h; sourceTree = "<group>"; };
		7EC4906618D35C8700D87566 /* JDAppDelegate.m */ = {isa = PBXFileReference; lastKnownFileType = sourcecode.c.objc; path = JDAppDelegate.m; sourceTree = "<group>"; };
		7EC4906918D35C8700D87566 /* Base */ = {isa = PBXFileReference; lastKnownFileType = file.storyboard; name = Base; path = Base.lproj/Main.storyboard; sourceTree = "<group>"; };
		7EC4906B18D35C8700D87566 /* JDViewController.h */ = {isa = PBXFileReference; lastKnownFileType = sourcecode.c.h; path = JDViewController.h; sourceTree = "<group>"; };
		7EC4906C18D35C8700D87566 /* JDViewController.m */ = {isa = PBXFileReference; lastKnownFileType = sourcecode.c.objc; path = JDViewController.m; sourceTree = "<group>"; };
		7EC4906E18D35C8700D87566 /* Images.xcassets */ = {isa = PBXFileReference; lastKnownFileType = folder.assetcatalog; path = Images.xcassets; sourceTree = "<group>"; };
		7EC4907418D35C8700D87566 /* MobileJavaScriptDemoTests.xctest */ = {isa = PBXFileReference; explicitFileType = wrapper.cfbundle; includeInIndex = 0; path = MobileJavaScriptDemoTests.xctest; sourceTree = BUILT_PRODUCTS_DIR; };
		7EC4907518D35C8700D87566 /* XCTest.framework */ = {isa = PBXFileReference; lastKnownFileType = wrapper.framework; name = XCTest.framework; path = Library/Frameworks/XCTest.framework; sourceTree = DEVELOPER_DIR; };
		7EC4907D18D35C8700D87566 /* MobileJavaScriptDemoTests-Info.plist */ = {isa = PBXFileReference; lastKnownFileType = text.plist.xml; path = "MobileJavaScriptDemoTests-Info.plist"; sourceTree = "<group>"; };
		7EC4907F18D35C8700D87566 /* en */ = {isa = PBXFileReference; lastKnownFileType = text.plist.strings; name = en; path = en.lproj/InfoPlist.strings; sourceTree = "<group>"; };
		7EC4908118D35C8700D87566 /* MobileJavaScriptDemoTests.m */ = {isa = PBXFileReference; lastKnownFileType = sourcecode.c.objc; path = MobileJavaScriptDemoTests.m; sourceTree = "<group>"; };
/* End PBXFileReference section */

/* Begin PBXFrameworksBuildPhase section */
		7EC4905018D35C8700D87566 /* Frameworks */ = {
			isa = PBXFrameworksBuildPhase;
			buildActionMask = 2147483647;
			files = (
				7E5C35AB18D36B18005D90AE /* CoreMedia.framework in Frameworks */,
				7E5C35AC18D36B18005D90AE /* CoreVideo.framework in Frameworks */,
				7E5C35A718D36B0A005D90AE /* AudioToolbox.framework in Frameworks */,
				7E5C35A818D36B0A005D90AE /* CoreAudio.framework in Frameworks */,
				7E5C35A418D36AE3005D90AE /* MapKit.framework in Frameworks */,
				7E5C35A218D36ADF005D90AE /* CoreLocation.framework in Frameworks */,
				7E5C35A018D36ADB005D90AE /* CoreMotion.framework in Frameworks */,
				7E5C359D18D36AC8005D90AE /* EventKit.framework in Frameworks */,
				7E5C359E18D36AC8005D90AE /* EventKitUI.framework in Frameworks */,
				7E5C359A18D36AB5005D90AE /* MessageUI.framework in Frameworks */,
				7E5C359718D36AB0005D90AE /* AddressBook.framework in Frameworks */,
				7E5C359818D36AB0005D90AE /* AddressBookUI.framework in Frameworks */,
				7E5C359418D36AAB005D90AE /* Social.framework in Frameworks */,
				7E5C359218D36A9D005D90AE /* CFNetwork.framework in Frameworks */,
				7E5C359018D36A98005D90AE /* libz.dylib in Frameworks */,
				7E5C358E18D36A80005D90AE /* libiconv.dylib in Frameworks */,
				7E5C358C18D36A7B005D90AE /* libxml2.dylib in Frameworks */,
				7E5C358A18D36A77005D90AE /* libsqlite3.dylib in Frameworks */,
				7E5C358718D36A72005D90AE /* libc++.dylib in Frameworks */,
				7E5C358818D36A72005D90AE /* libstdc++.dylib in Frameworks */,
				7EC4905918D35C8700D87566 /* CoreGraphics.framework in Frameworks */,
				7EC4905B18D35C8700D87566 /* UIKit.framework in Frameworks */,
				7EC4905718D35C8700D87566 /* Foundation.framework in Frameworks */,
				7E5C358318D36A05005D90AE /* SitecoreMobileSDK.framework in Frameworks */,
				7E5C358418D36A05005D90AE /* SitecoreMobileUI.framework in Frameworks */,
				7E5C358218D36A05005D90AE /* SitecoreMobileJavaScript.framework in Frameworks */,
			);
			runOnlyForDeploymentPostprocessing = 0;
		};
		7EC4907118D35C8700D87566 /* Frameworks */ = {
			isa = PBXFrameworksBuildPhase;
			buildActionMask = 2147483647;
			files = (
				7EC4907618D35C8700D87566 /* XCTest.framework in Frameworks */,
				7EC4907818D35C8700D87566 /* UIKit.framework in Frameworks */,
				7EC4907718D35C8700D87566 /* Foundation.framework in Frameworks */,
			);
			runOnlyForDeploymentPostprocessing = 0;
		};
/* End PBXFrameworksBuildPhase section */

/* Begin PBXGroup section */
		7EC4904A18D35C8700D87566 = {
			isa = PBXGroup;
			children = (
				7E5C357F18D36A05005D90AE /* SitecoreMobileJavaScript.framework */,
				7E5C358018D36A05005D90AE /* SitecoreMobileSDK.framework */,
				7E5C358118D36A05005D90AE /* SitecoreMobileUI.framework */,
				7EC4905C18D35C8700D87566 /* MobileJavaScriptDemo */,
				7EC4907B18D35C8700D87566 /* MobileJavaScriptDemoTests */,
				7EC4905518D35C8700D87566 /* Frameworks */,
				7EC4905418D35C8700D87566 /* Products */,
			);
			sourceTree = "<group>";
		};
		7EC4905418D35C8700D87566 /* Products */ = {
			isa = PBXGroup;
			children = (
				7EC4905318D35C8700D87566 /* MobileJavaScriptDemo.app */,
				7EC4907418D35C8700D87566 /* MobileJavaScriptDemoTests.xctest */,
			);
			name = Products;
			sourceTree = "<group>";
		};
		7EC4905518D35C8700D87566 /* Frameworks */ = {
			isa = PBXGroup;
			children = (
				7E5C35A918D36B18005D90AE /* CoreMedia.framework */,
				7E5C35AA18D36B18005D90AE /* CoreVideo.framework */,
				7E5C35A518D36B0A005D90AE /* AudioToolbox.framework */,
				7E5C35A618D36B0A005D90AE /* CoreAudio.framework */,
				7E5C35A318D36AE3005D90AE /* MapKit.framework */,
				7E5C35A118D36ADF005D90AE /* CoreLocation.framework */,
				7E5C359F18D36ADB005D90AE /* CoreMotion.framework */,
				7E5C359B18D36AC8005D90AE /* EventKit.framework */,
				7E5C359C18D36AC8005D90AE /* EventKitUI.framework */,
				7E5C359918D36AB5005D90AE /* MessageUI.framework */,
				7E5C359518D36AB0005D90AE /* AddressBook.framework */,
				7E5C359618D36AB0005D90AE /* AddressBookUI.framework */,
				7E5C359318D36AAB005D90AE /* Social.framework */,
				7E5C359118D36A9D005D90AE /* CFNetwork.framework */,
				7E5C358F18D36A98005D90AE /* libz.dylib */,
				7E5C358D18D36A80005D90AE /* libiconv.dylib */,
				7E5C358B18D36A7B005D90AE /* libxml2.dylib */,
				7E5C358918D36A77005D90AE /* libsqlite3.dylib */,
				7E5C358518D36A72005D90AE /* libc++.dylib */,
				7E5C358618D36A72005D90AE /* libstdc++.dylib */,
				7EC4905618D35C8700D87566 /* Foundation.framework */,
				7EC4905818D35C8700D87566 /* CoreGraphics.framework */,
				7EC4905A18D35C8700D87566 /* UIKit.framework */,
				7EC4907518D35C8700D87566 /* XCTest.framework */,
			);
			name = Frameworks;
			sourceTree = "<group>";
		};
		7EC4905C18D35C8700D87566 /* MobileJavaScriptDemo */ = {
			isa = PBXGroup;
			children = (
				7EC4906518D35C8700D87566 /* JDAppDelegate.h */,
				7EC4906618D35C8700D87566 /* JDAppDelegate.m */,
				7EC4906818D35C8700D87566 /* Main.storyboard */,
				7EC4906B18D35C8700D87566 /* JDViewController.h */,
				7EC4906C18D35C8700D87566 /* JDViewController.m */,
				7EC4906E18D35C8700D87566 /* Images.xcassets */,
				7EC4905D18D35C8700D87566 /* Supporting Files */,
			);
			path = MobileJavaScriptDemo;
			sourceTree = "<group>";
		};
		7EC4905D18D35C8700D87566 /* Supporting Files */ = {
			isa = PBXGroup;
			children = (
				7EC4905E18D35C8700D87566 /* MobileJavaScriptDemo-Info.plist */,
				7EC4905F18D35C8700D87566 /* InfoPlist.strings */,
				7EC4906218D35C8700D87566 /* main.m */,
				7EC4906418D35C8700D87566 /* MobileJavaScriptDemo-Prefix.pch */,
			);
			name = "Supporting Files";
			sourceTree = "<group>";
		};
		7EC4907B18D35C8700D87566 /* MobileJavaScriptDemoTests */ = {
			isa = PBXGroup;
			children = (
				7EC4908118D35C8700D87566 /* MobileJavaScriptDemoTests.m */,
				7EC4907C18D35C8700D87566 /* Supporting Files */,
			);
			path = MobileJavaScriptDemoTests;
			sourceTree = "<group>";
		};
		7EC4907C18D35C8700D87566 /* Supporting Files */ = {
			isa = PBXGroup;
			children = (
				7EC4907D18D35C8700D87566 /* MobileJavaScriptDemoTests-Info.plist */,
				7EC4907E18D35C8700D87566 /* InfoPlist.strings */,
			);
			name = "Supporting Files";
			sourceTree = "<group>";
		};
/* End PBXGroup section */

/* Begin PBXNativeTarget section */
		7EC4905218D35C8700D87566 /* MobileJavaScriptDemo */ = {
			isa = PBXNativeTarget;
			buildConfigurationList = 7EC4908518D35C8700D87566 /* Build configuration list for PBXNativeTarget "MobileJavaScriptDemo" */;
			buildPhases = (
				7EC4904F18D35C8700D87566 /* Sources */,
				7EC4905018D35C8700D87566 /* Frameworks */,
				7EC4905118D35C8700D87566 /* Resources */,
			);
			buildRules = (
			);
			dependencies = (
			);
			name = MobileJavaScriptDemo;
			productName = MobileJavaScriptDemo;
			productReference = 7EC4905318D35C8700D87566 /* MobileJavaScriptDemo.app */;
			productType = "com.apple.product-type.application";
		};
		7EC4907318D35C8700D87566 /* MobileJavaScriptDemoTests */ = {
			isa = PBXNativeTarget;
			buildConfigurationList = 7EC4908818D35C8700D87566 /* Build configuration list for PBXNativeTarget "MobileJavaScriptDemoTests" */;
			buildPhases = (
				7EC4907018D35C8700D87566 /* Sources */,
				7EC4907118D35C8700D87566 /* Frameworks */,
				7EC4907218D35C8700D87566 /* Resources */,
			);
			buildRules = (
			);
			dependencies = (
				7EC4907A18D35C8700D87566 /* PBXTargetDependency */,
			);
			name = MobileJavaScriptDemoTests;
			productName = MobileJavaScriptDemoTests;
			productReference = 7EC4907418D35C8700D87566 /* MobileJavaScriptDemoTests.xctest */;
			productType = "com.apple.product-type.bundle.unit-test";
		};
/* End PBXNativeTarget section */

/* Begin PBXProject section */
		7EC4904B18D35C8700D87566 /* Project object */ = {
			isa = PBXProject;
			attributes = {
				CLASSPREFIX = JD;
				LastUpgradeCheck = 0500;
				ORGANIZATIONNAME = Sitecore;
				TargetAttributes = {
					7EC4907318D35C8700D87566 = {
						TestTargetID = 7EC4905218D35C8700D87566;
					};
				};
			};
			buildConfigurationList = 7EC4904E18D35C8700D87566 /* Build configuration list for PBXProject "MobileJavaScriptDemo" */;
			compatibilityVersion = "Xcode 3.2";
			developmentRegion = English;
			hasScannedForEncodings = 0;
			knownRegions = (
				en,
				Base,
			);
			mainGroup = 7EC4904A18D35C8700D87566;
			productRefGroup = 7EC4905418D35C8700D87566 /* Products */;
			projectDirPath = "";
			projectRoot = "";
			targets = (
				7EC4905218D35C8700D87566 /* MobileJavaScriptDemo */,
				7EC4907318D35C8700D87566 /* MobileJavaScriptDemoTests */,
			);
		};
/* End PBXProject section */

/* Begin PBXResourcesBuildPhase section */
		7EC4905118D35C8700D87566 /* Resources */ = {
			isa = PBXResourcesBuildPhase;
			buildActionMask = 2147483647;
			files = (
				7EC4906F18D35C8700D87566 /* Images.xcassets in Resources */,
				7EC4906118D35C8700D87566 /* InfoPlist.strings in Resources */,
				7EC4906A18D35C8700D87566 /* Main.storyboard in Resources */,
			);
			runOnlyForDeploymentPostprocessing = 0;
		};
		7EC4907218D35C8700D87566 /* Resources */ = {
			isa = PBXResourcesBuildPhase;
			buildActionMask = 2147483647;
			files = (
				7EC4908018D35C8700D87566 /* InfoPlist.strings in Resources */,
			);
			runOnlyForDeploymentPostprocessing = 0;
		};
/* End PBXResourcesBuildPhase section */

/* Begin PBXSourcesBuildPhase section */
		7EC4904F18D35C8700D87566 /* Sources */ = {
			isa = PBXSourcesBuildPhase;
			buildActionMask = 2147483647;
			files = (
				7EC4906718D35C8700D87566 /* JDAppDelegate.m in Sources */,
				7EC4906D18D35C8700D87566 /* JDViewController.m in Sources */,
				7EC4906318D35C8700D87566 /* main.m in Sources */,
			);
			runOnlyForDeploymentPostprocessing = 0;
		};
		7EC4907018D35C8700D87566 /* Sources */ = {
			isa = PBXSourcesBuildPhase;
			buildActionMask = 2147483647;
			files = (
				7EC4908218D35C8700D87566 /* MobileJavaScriptDemoTests.m in Sources */,
			);
			runOnlyForDeploymentPostprocessing = 0;
		};
/* End PBXSourcesBuildPhase section */

/* Begin PBXTargetDependency section */
		7EC4907A18D35C8700D87566 /* PBXTargetDependency */ = {
			isa = PBXTargetDependency;
			target = 7EC4905218D35C8700D87566 /* MobileJavaScriptDemo */;
			targetProxy = 7EC4907918D35C8700D87566 /* PBXContainerItemProxy */;
		};
/* End PBXTargetDependency section */

/* Begin PBXVariantGroup section */
		7EC4905F18D35C8700D87566 /* InfoPlist.strings */ = {
			isa = PBXVariantGroup;
			children = (
				7EC4906018D35C8700D87566 /* en */,
			);
			name = InfoPlist.strings;
			sourceTree = "<group>";
		};
		7EC4906818D35C8700D87566 /* Main.storyboard */ = {
			isa = PBXVariantGroup;
			children = (
				7EC4906918D35C8700D87566 /* Base */,
			);
			name = Main.storyboard;
			sourceTree = "<group>";
		};
		7EC4907E18D35C8700D87566 /* InfoPlist.strings */ = {
			isa = PBXVariantGroup;
			children = (
				7EC4907F18D35C8700D87566 /* en */,
			);
			name = InfoPlist.strings;
			sourceTree = "<group>";
		};
/* End PBXVariantGroup section */

/* Begin XCBuildConfiguration section */
		7EC4908318D35C8700D87566 /* Debug */ = {
			isa = XCBuildConfiguration;
			buildSettings = {
				ALWAYS_SEARCH_USER_PATHS = NO;
				ARCHS = "$(ARCHS_STANDARD_INCLUDING_64_BIT)";
				CLANG_CXX_LANGUAGE_STANDARD = "gnu++0x";
				CLANG_CXX_LIBRARY = "libc++";
				CLANG_ENABLE_MODULES = YES;
				CLANG_ENABLE_OBJC_ARC = YES;
				CLANG_WARN_BOOL_CONVERSION = YES;
				CLANG_WARN_CONSTANT_CONVERSION = YES;
				CLANG_WARN_DIRECT_OBJC_ISA_USAGE = YES_ERROR;
				CLANG_WARN_EMPTY_BODY = YES;
				CLANG_WARN_ENUM_CONVERSION = YES;
				CLANG_WARN_INT_CONVERSION = YES;
				CLANG_WARN_OBJC_ROOT_CLASS = YES_ERROR;
				CLANG_WARN__DUPLICATE_METHOD_MATCH = YES;
				"CODE_SIGN_IDENTITY[sdk=iphoneos*]" = "iPhone Developer";
				COPY_PHASE_STRIP = NO;
				GCC_C_LANGUAGE_STANDARD = gnu99;
				GCC_DYNAMIC_NO_PIC = NO;
				GCC_OPTIMIZATION_LEVEL = 0;
				GCC_PREPROCESSOR_DEFINITIONS = (
					"DEBUG=1",
					"$(inherited)",
				);
				GCC_SYMBOLS_PRIVATE_EXTERN = NO;
				GCC_WARN_64_TO_32_BIT_CONVERSION = YES;
				GCC_WARN_ABOUT_RETURN_TYPE = YES_ERROR;
				GCC_WARN_UNDECLARED_SELECTOR = YES;
				GCC_WARN_UNINITIALIZED_AUTOS = YES;
				GCC_WARN_UNUSED_FUNCTION = YES;
				GCC_WARN_UNUSED_VARIABLE = YES;
				IPHONEOS_DEPLOYMENT_TARGET = 7.0;
				ONLY_ACTIVE_ARCH = YES;
				OTHER_LDFLAGS = "-all_load";
				SDKROOT = iphoneos;
			};
			name = Debug;
		};
		7EC4908418D35C8700D87566 /* Release */ = {
			isa = XCBuildConfiguration;
			buildSettings = {
				ALWAYS_SEARCH_USER_PATHS = NO;
				ARCHS = "$(ARCHS_STANDARD_INCLUDING_64_BIT)";
				CLANG_CXX_LANGUAGE_STANDARD = "gnu++0x";
				CLANG_CXX_LIBRARY = "libc++";
				CLANG_ENABLE_MODULES = YES;
				CLANG_ENABLE_OBJC_ARC = YES;
				CLANG_WARN_BOOL_CONVERSION = YES;
				CLANG_WARN_CONSTANT_CONVERSION = YES;
				CLANG_WARN_DIRECT_OBJC_ISA_USAGE = YES_ERROR;
				CLANG_WARN_EMPTY_BODY = YES;
				CLANG_WARN_ENUM_CONVERSION = YES;
				CLANG_WARN_INT_CONVERSION = YES;
				CLANG_WARN_OBJC_ROOT_CLASS = YES_ERROR;
				CLANG_WARN__DUPLICATE_METHOD_MATCH = YES;
				"CODE_SIGN_IDENTITY[sdk=iphoneos*]" = "iPhone Developer";
				COPY_PHASE_STRIP = YES;
				ENABLE_NS_ASSERTIONS = NO;
				GCC_C_LANGUAGE_STANDARD = gnu99;
				GCC_WARN_64_TO_32_BIT_CONVERSION = YES;
				GCC_WARN_ABOUT_RETURN_TYPE = YES_ERROR;
				GCC_WARN_UNDECLARED_SELECTOR = YES;
				GCC_WARN_UNINITIALIZED_AUTOS = YES;
				GCC_WARN_UNUSED_FUNCTION = YES;
				GCC_WARN_UNUSED_VARIABLE = YES;
				IPHONEOS_DEPLOYMENT_TARGET = 7.0;
				OTHER_LDFLAGS = "-all_load";
				SDKROOT = iphoneos;
				VALIDATE_PRODUCT = YES;
			};
			name = Release;
		};
		7EC4908618D35C8700D87566 /* Debug */ = {
			isa = XCBuildConfiguration;
			buildSettings = {
				ASSETCATALOG_COMPILER_APPICON_NAME = AppIcon;
				ASSETCATALOG_COMPILER_LAUNCHIMAGE_NAME = LaunchImage;
				FRAMEWORK_SEARCH_PATHS = (
					"$(inherited)",
					"/Volumes/untitled/github/sitecore-ios-sdk/src/deployment",
				);
				GCC_PRECOMPILE_PREFIX_HEADER = YES;
				GCC_PREFIX_HEADER = "MobileJavaScriptDemo/MobileJavaScriptDemo-Prefix.pch";
				INFOPLIST_FILE = "MobileJavaScriptDemo/MobileJavaScriptDemo-Info.plist";
				PRODUCT_NAME = "$(TARGET_NAME)";
				WRAPPER_EXTENSION = app;
			};
			name = Debug;
		};
		7EC4908718D35C8700D87566 /* Release */ = {
			isa = XCBuildConfiguration;
			buildSettings = {
				ASSETCATALOG_COMPILER_APPICON_NAME = AppIcon;
				ASSETCATALOG_COMPILER_LAUNCHIMAGE_NAME = LaunchImage;
				FRAMEWORK_SEARCH_PATHS = (
					"$(inherited)",
					"/Volumes/untitled/github/sitecore-ios-sdk/src/deployment",
				);
				GCC_PRECOMPILE_PREFIX_HEADER = YES;
				GCC_PREFIX_HEADER = "MobileJavaScriptDemo/MobileJavaScriptDemo-Prefix.pch";
				INFOPLIST_FILE = "MobileJavaScriptDemo/MobileJavaScriptDemo-Info.plist";
				PRODUCT_NAME = "$(TARGET_NAME)";
				WRAPPER_EXTENSION = app;
			};
			name = Release;
		};
		7EC4908918D35C8700D87566 /* Debug */ = {
			isa = XCBuildConfiguration;
			buildSettings = {
				ARCHS = "$(ARCHS_STANDARD_INCLUDING_64_BIT)";
				BUNDLE_LOADER = "$(BUILT_PRODUCTS_DIR)/MobileJavaScriptDemo.app/MobileJavaScriptDemo";
				FRAMEWORK_SEARCH_PATHS = (
					"$(SDKROOT)/Developer/Library/Frameworks",
					"$(inherited)",
					"$(DEVELOPER_FRAMEWORKS_DIR)",
				);
				GCC_PRECOMPILE_PREFIX_HEADER = YES;
				GCC_PREFIX_HEADER = "MobileJavaScriptDemo/MobileJavaScriptDemo-Prefix.pch";
				GCC_PREPROCESSOR_DEFINITIONS = (
					"DEBUG=1",
					"$(inherited)",
				);
				INFOPLIST_FILE = "MobileJavaScriptDemoTests/MobileJavaScriptDemoTests-Info.plist";
				PRODUCT_NAME = "$(TARGET_NAME)";
				TEST_HOST = "$(BUNDLE_LOADER)";
				WRAPPER_EXTENSION = xctest;
			};
			name = Debug;
		};
		7EC4908A18D35C8700D87566 /* Release */ = {
			isa = XCBuildConfiguration;
			buildSettings = {
				ARCHS = "$(ARCHS_STANDARD_INCLUDING_64_BIT)";
				BUNDLE_LOADER = "$(BUILT_PRODUCTS_DIR)/MobileJavaScriptDemo.app/MobileJavaScriptDemo";
				FRAMEWORK_SEARCH_PATHS = (
					"$(SDKROOT)/Developer/Library/Frameworks",
					"$(inherited)",
					"$(DEVELOPER_FRAMEWORKS_DIR)",
				);
				GCC_PRECOMPILE_PREFIX_HEADER = YES;
				GCC_PREFIX_HEADER = "MobileJavaScriptDemo/MobileJavaScriptDemo-Prefix.pch";
				INFOPLIST_FILE = "MobileJavaScriptDemoTests/MobileJavaScriptDemoTests-Info.plist";
				PRODUCT_NAME = "$(TARGET_NAME)";
				TEST_HOST = "$(BUNDLE_LOADER)";
				WRAPPER_EXTENSION = xctest;
			};
			name = Release;
		};
/* End XCBuildConfiguration section */

/* Begin XCConfigurationList section */
		7EC4904E18D35C8700D87566 /* Build configuration list for PBXProject "MobileJavaScriptDemo" */ = {
			isa = XCConfigurationList;
			buildConfigurations = (
				7EC4908318D35C8700D87566 /* Debug */,
				7EC4908418D35C8700D87566 /* Release */,
			);
			defaultConfigurationIsVisible = 0;
			defaultConfigurationName = Release;
		};
		7EC4908518D35C8700D87566 /* Build configuration list for PBXNativeTarget "MobileJavaScriptDemo" */ = {
			isa = XCConfigurationList;
			buildConfigurations = (
				7EC4908618D35C8700D87566 /* Debug */,
				7EC4908718D35C8700D87566 /* Release */,
			);
			defaultConfigurationIsVisible = 0;
			defaultConfigurationName = Release;
		};
		7EC4908818D35C8700D87566 /* Build configuration list for PBXNativeTarget "MobileJavaScriptDemoTests" */ = {
			isa = XCConfigurationList;
			buildConfigurations = (
				7EC4908918D35C8700D87566 /* Debug */,
				7EC4908A18D35C8700D87566 /* Release */,
			);
			defaultConfigurationIsVisible = 0;
			defaultConfigurationName = Release;
		};
/* End XCConfigurationList section */
	};
	rootObject = 7EC4904B18D35C8700D87566 /* Project object */;
}
