// !$*UTF8*$!
{
	archiveVersion = 1;
	classes = {
	};
	objectVersion = 46;
	objects = {

/* Begin PBXBuildFile section */
		1B0D872C1519E43500EC4A92 /* MapKit.framework in Frameworks */ = {isa = PBXBuildFile; fileRef = 1B0D872B1519E43500EC4A92 /* MapKit.framework */; };
		1B0D872E1519E44300EC4A92 /* CoreLocation.framework in Frameworks */ = {isa = PBXBuildFile; fileRef = 1B0D872D1519E44300EC4A92 /* CoreLocation.framework */; };
		1B1167B614C6CE76000AD289 /* UIKit.framework in Frameworks */ = {isa = PBXBuildFile; fileRef = 1B1167B514C6CE76000AD289 /* UIKit.framework */; };
		1B1167B814C6CE76000AD289 /* Foundation.framework in Frameworks */ = {isa = PBXBuildFile; fileRef = 1B1167B714C6CE76000AD289 /* Foundation.framework */; };
		1B1167BA14C6CE76000AD289 /* CoreGraphics.framework in Frameworks */ = {isa = PBXBuildFile; fileRef = 1B1167B914C6CE76000AD289 /* CoreGraphics.framework */; };
		1B1167C014C6CE76000AD289 /* InfoPlist.strings in Resources */ = {isa = PBXBuildFile; fileRef = 1B1167BE14C6CE76000AD289 /* InfoPlist.strings */; };
		1B1167C214C6CE76000AD289 /* main.m in Sources */ = {isa = PBXBuildFile; fileRef = 1B1167C114C6CE76000AD289 /* main.m */; };
		1B1167C614C6CE76000AD289 /* AppDelegate.m in Sources */ = {isa = PBXBuildFile; fileRef = 1B1167C514C6CE76000AD289 /* AppDelegate.m */; };
		1B1167CC14C6CE76000AD289 /* MainStoryboard.storyboard in Resources */ = {isa = PBXBuildFile; fileRef = 1B1167CA14C6CE76000AD289 /* MainStoryboard.storyboard */; };
		1B1167CF14C6CE76000AD289 /* ViewController.m in Sources */ = {isa = PBXBuildFile; fileRef = 1B1167CE14C6CE76000AD289 /* ViewController.m */; };
		1B1167DE14C6CEB8000AD289 /* AddressBook.framework in Frameworks */ = {isa = PBXBuildFile; fileRef = 1B1167D514C6CEB8000AD289 /* AddressBook.framework */; };
		1B1167DF14C6CEB8000AD289 /* AddressBookUI.framework in Frameworks */ = {isa = PBXBuildFile; fileRef = 1B1167D614C6CEB8000AD289 /* AddressBookUI.framework */; };
		1B1167E014C6CEB8000AD289 /* AudioToolbox.framework in Frameworks */ = {isa = PBXBuildFile; fileRef = 1B1167D714C6CEB8000AD289 /* AudioToolbox.framework */; };
		1B1167E114C6CEB8000AD289 /* CoreMotion.framework in Frameworks */ = {isa = PBXBuildFile; fileRef = 1B1167D814C6CEB8000AD289 /* CoreMotion.framework */; };
		1B1167E314C6CEB8000AD289 /* libxml2.dylib in Frameworks */ = {isa = PBXBuildFile; fileRef = 1B1167DA14C6CEB8000AD289 /* libxml2.dylib */; };
		1B1167E414C6CEB8000AD289 /* libz.dylib in Frameworks */ = {isa = PBXBuildFile; fileRef = 1B1167DB14C6CEB8000AD289 /* libz.dylib */; };
		1B1167E514C6CEB8000AD289 /* MessageUI.framework in Frameworks */ = {isa = PBXBuildFile; fileRef = 1B1167DC14C6CEB8000AD289 /* MessageUI.framework */; };
		1B1167E614C6CEB8000AD289 /* Twitter.framework in Frameworks */ = {isa = PBXBuildFile; fileRef = 1B1167DD14C6CEB8000AD289 /* Twitter.framework */; };
		1B1167EE14C6CF53000AD289 /* CFNetwork.framework in Frameworks */ = {isa = PBXBuildFile; fileRef = 1B1167ED14C6CF53000AD289 /* CFNetwork.framework */; };
		1B2C80461532B49000A087D1 /* libsqlite3.dylib in Frameworks */ = {isa = PBXBuildFile; fileRef = 1B2C80451532B49000A087D1 /* libsqlite3.dylib */; };
		1BBCAB151510CEDB00199B37 /* AVFoundation.framework in Frameworks */ = {isa = PBXBuildFile; fileRef = 1BBCAB141510CEDB00199B37 /* AVFoundation.framework */; };
		1BBCAB171510CEF400199B37 /* libiconv.dylib in Frameworks */ = {isa = PBXBuildFile; fileRef = 1BBCAB161510CEF400199B37 /* libiconv.dylib */; };
		1BBCAB191510CF0A00199B37 /* CoreVideo.framework in Frameworks */ = {isa = PBXBuildFile; fileRef = 1BBCAB181510CF0A00199B37 /* CoreVideo.framework */; };
		1BBCAB1B1510CF1800199B37 /* CoreMedia.framework in Frameworks */ = {isa = PBXBuildFile; fileRef = 1BBCAB1A1510CF1800199B37 /* CoreMedia.framework */; };
		1BEC3662156FA15E00D30508 /* libstdc++.dylib in Frameworks */ = {isa = PBXBuildFile; fileRef = 1B1167D914C6CEB8000AD289 /* libstdc++.dylib */; };
		1BEC3671156FA2DD00D30508 /* libc++.dylib in Frameworks */ = {isa = PBXBuildFile; fileRef = 1BEC3670156FA2DC00D30508 /* libc++.dylib */; };
		1BEC3672156FA32000D30508 /* libstdc++.dylib in Frameworks */ = {isa = PBXBuildFile; fileRef = 1B1167D914C6CEB8000AD289 /* libstdc++.dylib */; };
		254F17ED1536ED9E00330C61 /* SitecoreMobileSDK.framework in Frameworks */ = {isa = PBXBuildFile; fileRef = 254F17EC1536ED9E00330C61 /* SitecoreMobileSDK.framework */; };
		254F17FC1536F32800330C61 /* arrowleft.png in Resources */ = {isa = PBXBuildFile; fileRef = 254F17F71536F32800330C61 /* arrowleft.png */; };
		254F17FD1536F32800330C61 /* arrowright.png in Resources */ = {isa = PBXBuildFile; fileRef = 254F17F81536F32800330C61 /* arrowright.png */; };
		254F17FE1536F32800330C61 /* bg_black.png in Resources */ = {isa = PBXBuildFile; fileRef = 254F17F91536F32800330C61 /* bg_black.png */; };
		254F17FF1536F32800330C61 /* NavigationToolbar.m in Sources */ = {isa = PBXBuildFile; fileRef = 254F17FB1536F32800330C61 /* NavigationToolbar.m */; };
		254F180D1536FE2300330C61 /* NicamApp.png in Resources */ = {isa = PBXBuildFile; fileRef = 254F180C1536FE2300330C61 /* NicamApp.png */; };
		254F180F1536FEE400330C61 /* NicamApp_small.png in Resources */ = {isa = PBXBuildFile; fileRef = 254F180E1536FEE400330C61 /* NicamApp_small.png */; };
		25BD423715371E1E00839195 /* Settings.bundle in Resources */ = {isa = PBXBuildFile; fileRef = 254F18041536F5D700330C61 /* Settings.bundle */; };
		65B609EC153DF6E800A57B15 /* main.m in Sources */ = {isa = PBXBuildFile; fileRef = 1B1167C114C6CE76000AD289 /* main.m */; };
		65B609ED153DF6E800A57B15 /* AppDelegate.m in Sources */ = {isa = PBXBuildFile; fileRef = 1B1167C514C6CE76000AD289 /* AppDelegate.m */; };
		65B609EE153DF6E800A57B15 /* ViewController.m in Sources */ = {isa = PBXBuildFile; fileRef = 1B1167CE14C6CE76000AD289 /* ViewController.m */; };
		65B609EF153DF6E800A57B15 /* NavigationToolbar.m in Sources */ = {isa = PBXBuildFile; fileRef = 254F17FB1536F32800330C61 /* NavigationToolbar.m */; };
		65B609F1153DF6E800A57B15 /* libsqlite3.dylib in Frameworks */ = {isa = PBXBuildFile; fileRef = 1B2C80451532B49000A087D1 /* libsqlite3.dylib */; };
		65B609F2153DF6E800A57B15 /* CoreLocation.framework in Frameworks */ = {isa = PBXBuildFile; fileRef = 1B0D872D1519E44300EC4A92 /* CoreLocation.framework */; };
		65B609F3153DF6E800A57B15 /* MapKit.framework in Frameworks */ = {isa = PBXBuildFile; fileRef = 1B0D872B1519E43500EC4A92 /* MapKit.framework */; };
		65B609F4153DF6E800A57B15 /* CoreMedia.framework in Frameworks */ = {isa = PBXBuildFile; fileRef = 1BBCAB1A1510CF1800199B37 /* CoreMedia.framework */; };
		65B609F5153DF6E800A57B15 /* CoreVideo.framework in Frameworks */ = {isa = PBXBuildFile; fileRef = 1BBCAB181510CF0A00199B37 /* CoreVideo.framework */; };
		65B609F6153DF6E800A57B15 /* libiconv.dylib in Frameworks */ = {isa = PBXBuildFile; fileRef = 1BBCAB161510CEF400199B37 /* libiconv.dylib */; };
		65B609F7153DF6E800A57B15 /* AVFoundation.framework in Frameworks */ = {isa = PBXBuildFile; fileRef = 1BBCAB141510CEDB00199B37 /* AVFoundation.framework */; };
		65B609F8153DF6E800A57B15 /* CFNetwork.framework in Frameworks */ = {isa = PBXBuildFile; fileRef = 1B1167ED14C6CF53000AD289 /* CFNetwork.framework */; };
		65B609F9153DF6E800A57B15 /* AddressBook.framework in Frameworks */ = {isa = PBXBuildFile; fileRef = 1B1167D514C6CEB8000AD289 /* AddressBook.framework */; };
		65B609FA153DF6E800A57B15 /* AddressBookUI.framework in Frameworks */ = {isa = PBXBuildFile; fileRef = 1B1167D614C6CEB8000AD289 /* AddressBookUI.framework */; };
		65B609FB153DF6E800A57B15 /* AudioToolbox.framework in Frameworks */ = {isa = PBXBuildFile; fileRef = 1B1167D714C6CEB8000AD289 /* AudioToolbox.framework */; };
		65B609FC153DF6E800A57B15 /* CoreMotion.framework in Frameworks */ = {isa = PBXBuildFile; fileRef = 1B1167D814C6CEB8000AD289 /* CoreMotion.framework */; };
		65B609FE153DF6E800A57B15 /* libxml2.dylib in Frameworks */ = {isa = PBXBuildFile; fileRef = 1B1167DA14C6CEB8000AD289 /* libxml2.dylib */; };
		65B609FF153DF6E800A57B15 /* libz.dylib in Frameworks */ = {isa = PBXBuildFile; fileRef = 1B1167DB14C6CEB8000AD289 /* libz.dylib */; };
		65B60A00153DF6E800A57B15 /* MessageUI.framework in Frameworks */ = {isa = PBXBuildFile; fileRef = 1B1167DC14C6CEB8000AD289 /* MessageUI.framework */; };
		65B60A01153DF6E800A57B15 /* Twitter.framework in Frameworks */ = {isa = PBXBuildFile; fileRef = 1B1167DD14C6CEB8000AD289 /* Twitter.framework */; };
		65B60A02153DF6E800A57B15 /* UIKit.framework in Frameworks */ = {isa = PBXBuildFile; fileRef = 1B1167B514C6CE76000AD289 /* UIKit.framework */; };
		65B60A03153DF6E800A57B15 /* Foundation.framework in Frameworks */ = {isa = PBXBuildFile; fileRef = 1B1167B714C6CE76000AD289 /* Foundation.framework */; };
		65B60A04153DF6E800A57B15 /* CoreGraphics.framework in Frameworks */ = {isa = PBXBuildFile; fileRef = 1B1167B914C6CE76000AD289 /* CoreGraphics.framework */; };
		65B60A07153DF6E800A57B15 /* InfoPlist.strings in Resources */ = {isa = PBXBuildFile; fileRef = 1B1167BE14C6CE76000AD289 /* InfoPlist.strings */; };
		65B60A08153DF6E800A57B15 /* MainStoryboard.storyboard in Resources */ = {isa = PBXBuildFile; fileRef = 1B1167CA14C6CE76000AD289 /* MainStoryboard.storyboard */; };
		65B60A09153DF6E800A57B15 /* arrowleft.png in Resources */ = {isa = PBXBuildFile; fileRef = 254F17F71536F32800330C61 /* arrowleft.png */; };
		65B60A0A153DF6E800A57B15 /* arrowright.png in Resources */ = {isa = PBXBuildFile; fileRef = 254F17F81536F32800330C61 /* arrowright.png */; };
		65B60A0B153DF6E800A57B15 /* bg_black.png in Resources */ = {isa = PBXBuildFile; fileRef = 254F17F91536F32800330C61 /* bg_black.png */; };
		65B60A0C153DF6E800A57B15 /* NicamApp.png in Resources */ = {isa = PBXBuildFile; fileRef = 254F180C1536FE2300330C61 /* NicamApp.png */; };
		65B60A0D153DF6E800A57B15 /* NicamApp_small.png in Resources */ = {isa = PBXBuildFile; fileRef = 254F180E1536FEE400330C61 /* NicamApp_small.png */; };
		65B60A0E153DF6E800A57B15 /* Settings.bundle in Resources */ = {isa = PBXBuildFile; fileRef = 254F18041536F5D700330C61 /* Settings.bundle */; };
		65B60A88153DF83E00A57B15 /* libSCAllMobileSDKLibs.a in Frameworks */ = {isa = PBXBuildFile; fileRef = 65B60A71153DF82400A57B15 /* libSCAllMobileSDKLibs.a */; };
		7ED1CB2C1586451E00EED5EA /* libc++.dylib in Frameworks */ = {isa = PBXBuildFile; fileRef = 1BEC3670156FA2DC00D30508 /* libc++.dylib */; };
/* End PBXBuildFile section */

/* Begin PBXContainerItemProxy section */
		65B60A70153DF82400A57B15 /* PBXContainerItemProxy */ = {
			isa = PBXContainerItemProxy;
			containerPortal = 65B60A1D153DF82100A57B15 /* SCAllMobileSDKLibs.xcodeproj */;
			proxyType = 2;
			remoteGlobalIDString = 1B33DD8F1518C5BC00EEA9BA;
			remoteInfo = SCAllMobileSDKLibs;
		};
		65B60A86153DF83500A57B15 /* PBXContainerItemProxy */ = {
			isa = PBXContainerItemProxy;
			containerPortal = 65B60A1D153DF82100A57B15 /* SCAllMobileSDKLibs.xcodeproj */;
			proxyType = 1;
			remoteGlobalIDString = 1B33DD8E1518C5BC00EEA9BA;
			remoteInfo = SCAllMobileSDKLibs;
		};
/* End PBXContainerItemProxy section */

/* Begin PBXFileReference section */
		1B0D872B1519E43500EC4A92 /* MapKit.framework */ = {isa = PBXFileReference; lastKnownFileType = wrapper.framework; name = MapKit.framework; path = System/Library/Frameworks/MapKit.framework; sourceTree = SDKROOT; };
		1B0D872D1519E44300EC4A92 /* CoreLocation.framework */ = {isa = PBXFileReference; lastKnownFileType = wrapper.framework; name = CoreLocation.framework; path = System/Library/Frameworks/CoreLocation.framework; sourceTree = SDKROOT; };
		1B1167B114C6CE76000AD289 /* Mobile SDK Demo Project.app */ = {isa = PBXFileReference; explicitFileType = wrapper.application; includeInIndex = 0; path = "Mobile SDK Demo Project.app"; sourceTree = BUILT_PRODUCTS_DIR; };
		1B1167B514C6CE76000AD289 /* UIKit.framework */ = {isa = PBXFileReference; lastKnownFileType = wrapper.framework; name = UIKit.framework; path = System/Library/Frameworks/UIKit.framework; sourceTree = SDKROOT; };
		1B1167B714C6CE76000AD289 /* Foundation.framework */ = {isa = PBXFileReference; lastKnownFileType = wrapper.framework; name = Foundation.framework; path = System/Library/Frameworks/Foundation.framework; sourceTree = SDKROOT; };
		1B1167B914C6CE76000AD289 /* CoreGraphics.framework */ = {isa = PBXFileReference; lastKnownFileType = wrapper.framework; name = CoreGraphics.framework; path = System/Library/Frameworks/CoreGraphics.framework; sourceTree = SDKROOT; };
		1B1167BD14C6CE76000AD289 /* Demo Project-Info.plist */ = {isa = PBXFileReference; lastKnownFileType = text.plist.xml; path = "Demo Project-Info.plist"; sourceTree = "<group>"; };
		1B1167BF14C6CE76000AD289 /* en */ = {isa = PBXFileReference; lastKnownFileType = text.plist.strings; name = en; path = en.lproj/InfoPlist.strings; sourceTree = "<group>"; };
		1B1167C114C6CE76000AD289 /* main.m */ = {isa = PBXFileReference; lastKnownFileType = sourcecode.c.objc; path = main.m; sourceTree = "<group>"; };
		1B1167C314C6CE76000AD289 /* Demo Project-Prefix.pch */ = {isa = PBXFileReference; lastKnownFileType = sourcecode.c.h; path = "Demo Project-Prefix.pch"; sourceTree = "<group>"; };
		1B1167C414C6CE76000AD289 /* AppDelegate.h */ = {isa = PBXFileReference; lastKnownFileType = sourcecode.c.h; path = AppDelegate.h; sourceTree = "<group>"; };
		1B1167C514C6CE76000AD289 /* AppDelegate.m */ = {isa = PBXFileReference; lastKnownFileType = sourcecode.c.objc; path = AppDelegate.m; sourceTree = "<group>"; };
		1B1167CB14C6CE76000AD289 /* en */ = {isa = PBXFileReference; lastKnownFileType = file.storyboard; name = en; path = en.lproj/MainStoryboard.storyboard; sourceTree = "<group>"; };
		1B1167CD14C6CE76000AD289 /* ViewController.h */ = {isa = PBXFileReference; lastKnownFileType = sourcecode.c.h; path = ViewController.h; sourceTree = "<group>"; };
		1B1167CE14C6CE76000AD289 /* ViewController.m */ = {isa = PBXFileReference; lastKnownFileType = sourcecode.c.objc; path = ViewController.m; sourceTree = "<group>"; };
		1B1167D514C6CEB8000AD289 /* AddressBook.framework */ = {isa = PBXFileReference; lastKnownFileType = wrapper.framework; name = AddressBook.framework; path = System/Library/Frameworks/AddressBook.framework; sourceTree = SDKROOT; };
		1B1167D614C6CEB8000AD289 /* AddressBookUI.framework */ = {isa = PBXFileReference; lastKnownFileType = wrapper.framework; name = AddressBookUI.framework; path = System/Library/Frameworks/AddressBookUI.framework; sourceTree = SDKROOT; };
		1B1167D714C6CEB8000AD289 /* AudioToolbox.framework */ = {isa = PBXFileReference; lastKnownFileType = wrapper.framework; name = AudioToolbox.framework; path = System/Library/Frameworks/AudioToolbox.framework; sourceTree = SDKROOT; };
		1B1167D814C6CEB8000AD289 /* CoreMotion.framework */ = {isa = PBXFileReference; lastKnownFileType = wrapper.framework; name = CoreMotion.framework; path = System/Library/Frameworks/CoreMotion.framework; sourceTree = SDKROOT; };
		1B1167D914C6CEB8000AD289 /* libstdc++.dylib */ = {isa = PBXFileReference; lastKnownFileType = "compiled.mach-o.dylib"; name = "libstdc++.dylib"; path = "usr/lib/libstdc++.dylib"; sourceTree = SDKROOT; };
		1B1167DA14C6CEB8000AD289 /* libxml2.dylib */ = {isa = PBXFileReference; lastKnownFileType = "compiled.mach-o.dylib"; name = libxml2.dylib; path = usr/lib/libxml2.dylib; sourceTree = SDKROOT; };
		1B1167DB14C6CEB8000AD289 /* libz.dylib */ = {isa = PBXFileReference; lastKnownFileType = "compiled.mach-o.dylib"; name = libz.dylib; path = usr/lib/libz.dylib; sourceTree = SDKROOT; };
		1B1167DC14C6CEB8000AD289 /* MessageUI.framework */ = {isa = PBXFileReference; lastKnownFileType = wrapper.framework; name = MessageUI.framework; path = System/Library/Frameworks/MessageUI.framework; sourceTree = SDKROOT; };
		1B1167DD14C6CEB8000AD289 /* Twitter.framework */ = {isa = PBXFileReference; lastKnownFileType = wrapper.framework; name = Twitter.framework; path = System/Library/Frameworks/Twitter.framework; sourceTree = SDKROOT; };
		1B1167ED14C6CF53000AD289 /* CFNetwork.framework */ = {isa = PBXFileReference; lastKnownFileType = wrapper.framework; name = CFNetwork.framework; path = System/Library/Frameworks/CFNetwork.framework; sourceTree = SDKROOT; };
		1B2C80451532B49000A087D1 /* libsqlite3.dylib */ = {isa = PBXFileReference; lastKnownFileType = "compiled.mach-o.dylib"; name = libsqlite3.dylib; path = usr/lib/libsqlite3.dylib; sourceTree = SDKROOT; };
		1BBCAB141510CEDB00199B37 /* AVFoundation.framework */ = {isa = PBXFileReference; lastKnownFileType = wrapper.framework; name = AVFoundation.framework; path = System/Library/Frameworks/AVFoundation.framework; sourceTree = SDKROOT; };
		1BBCAB161510CEF400199B37 /* libiconv.dylib */ = {isa = PBXFileReference; lastKnownFileType = "compiled.mach-o.dylib"; name = libiconv.dylib; path = usr/lib/libiconv.dylib; sourceTree = SDKROOT; };
		1BBCAB181510CF0A00199B37 /* CoreVideo.framework */ = {isa = PBXFileReference; lastKnownFileType = wrapper.framework; name = CoreVideo.framework; path = System/Library/Frameworks/CoreVideo.framework; sourceTree = SDKROOT; };
		1BBCAB1A1510CF1800199B37 /* CoreMedia.framework */ = {isa = PBXFileReference; lastKnownFileType = wrapper.framework; name = CoreMedia.framework; path = System/Library/Frameworks/CoreMedia.framework; sourceTree = SDKROOT; };
		1BEC3670156FA2DC00D30508 /* libc++.dylib */ = {isa = PBXFileReference; lastKnownFileType = "compiled.mach-o.dylib"; name = "libc++.dylib"; path = "usr/lib/libc++.dylib"; sourceTree = SDKROOT; };
		254F17EC1536ED9E00330C61 /* SitecoreMobileSDK.framework */ = {isa = PBXFileReference; lastKnownFileType = wrapper.framework; name = SitecoreMobileSDK.framework; path = ../../deployment/SitecoreMobileSDK.framework; sourceTree = "<group>"; };
		254F17F71536F32800330C61 /* arrowleft.png */ = {isa = PBXFileReference; lastKnownFileType = image.png; path = arrowleft.png; sourceTree = "<group>"; };
		254F17F81536F32800330C61 /* arrowright.png */ = {isa = PBXFileReference; lastKnownFileType = image.png; path = arrowright.png; sourceTree = "<group>"; };
		254F17F91536F32800330C61 /* bg_black.png */ = {isa = PBXFileReference; lastKnownFileType = image.png; path = bg_black.png; sourceTree = "<group>"; };
		254F17FA1536F32800330C61 /* NavigationToolbar.h */ = {isa = PBXFileReference; fileEncoding = 4; lastKnownFileType = sourcecode.c.h; path = NavigationToolbar.h; sourceTree = "<group>"; };
		254F17FB1536F32800330C61 /* NavigationToolbar.m */ = {isa = PBXFileReference; fileEncoding = 4; lastKnownFileType = sourcecode.c.objc; path = NavigationToolbar.m; sourceTree = "<group>"; };
		254F18041536F5D700330C61 /* Settings.bundle */ = {isa = PBXFileReference; lastKnownFileType = "wrapper.plug-in"; path = Settings.bundle; sourceTree = "<group>"; };
		254F180C1536FE2300330C61 /* NicamApp.png */ = {isa = PBXFileReference; lastKnownFileType = image.png; path = NicamApp.png; sourceTree = "<group>"; };
		254F180E1536FEE400330C61 /* NicamApp_small.png */ = {isa = PBXFileReference; lastKnownFileType = image.png; path = NicamApp_small.png; sourceTree = "<group>"; };
		65B60A12153DF6E800A57B15 /* Mobile SDK Demo Project.app */ = {isa = PBXFileReference; explicitFileType = wrapper.application; includeInIndex = 0; path = "Mobile SDK Demo Project.app"; sourceTree = BUILT_PRODUCTS_DIR; };
		65B60A1D153DF82100A57B15 /* SCAllMobileSDKLibs.xcodeproj */ = {isa = PBXFileReference; lastKnownFileType = "wrapper.pb-project"; name = SCAllMobileSDKLibs.xcodeproj; path = ../../lib/SCAllMobileSDKLibs/SCAllMobileSDKLibs.xcodeproj; sourceTree = "<group>"; };
/* End PBXFileReference section */

/* Begin PBXFrameworksBuildPhase section */
		1B1167AE14C6CE76000AD289 /* Frameworks */ = {
			isa = PBXFrameworksBuildPhase;
			buildActionMask = 2147483647;
			files = (
				7ED1CB2C1586451E00EED5EA /* libc++.dylib in Frameworks */,
				1BEC3662156FA15E00D30508 /* libstdc++.dylib in Frameworks */,
				1B2C80461532B49000A087D1 /* libsqlite3.dylib in Frameworks */,
				1B0D872E1519E44300EC4A92 /* CoreLocation.framework in Frameworks */,
				1B0D872C1519E43500EC4A92 /* MapKit.framework in Frameworks */,
				1BBCAB1B1510CF1800199B37 /* CoreMedia.framework in Frameworks */,
				1BBCAB191510CF0A00199B37 /* CoreVideo.framework in Frameworks */,
				1BBCAB171510CEF400199B37 /* libiconv.dylib in Frameworks */,
				1BBCAB151510CEDB00199B37 /* AVFoundation.framework in Frameworks */,
				1B1167EE14C6CF53000AD289 /* CFNetwork.framework in Frameworks */,
				1B1167DE14C6CEB8000AD289 /* AddressBook.framework in Frameworks */,
				1B1167DF14C6CEB8000AD289 /* AddressBookUI.framework in Frameworks */,
				1B1167E014C6CEB8000AD289 /* AudioToolbox.framework in Frameworks */,
				1B1167E114C6CEB8000AD289 /* CoreMotion.framework in Frameworks */,
				1B1167E314C6CEB8000AD289 /* libxml2.dylib in Frameworks */,
				1B1167E414C6CEB8000AD289 /* libz.dylib in Frameworks */,
				1B1167E514C6CEB8000AD289 /* MessageUI.framework in Frameworks */,
				1B1167E614C6CEB8000AD289 /* Twitter.framework in Frameworks */,
				1B1167B614C6CE76000AD289 /* UIKit.framework in Frameworks */,
				1B1167B814C6CE76000AD289 /* Foundation.framework in Frameworks */,
				1B1167BA14C6CE76000AD289 /* CoreGraphics.framework in Frameworks */,
				254F17ED1536ED9E00330C61 /* SitecoreMobileSDK.framework in Frameworks */,
			);
			runOnlyForDeploymentPostprocessing = 0;
		};
		65B609F0153DF6E800A57B15 /* Frameworks */ = {
			isa = PBXFrameworksBuildPhase;
			buildActionMask = 2147483647;
			files = (
				1BEC3672156FA32000D30508 /* libstdc++.dylib in Frameworks */,
				1BEC3671156FA2DD00D30508 /* libc++.dylib in Frameworks */,
				65B60A88153DF83E00A57B15 /* libSCAllMobileSDKLibs.a in Frameworks */,
				65B609F1153DF6E800A57B15 /* libsqlite3.dylib in Frameworks */,
				65B609F2153DF6E800A57B15 /* CoreLocation.framework in Frameworks */,
				65B609F3153DF6E800A57B15 /* MapKit.framework in Frameworks */,
				65B609F4153DF6E800A57B15 /* CoreMedia.framework in Frameworks */,
				65B609F5153DF6E800A57B15 /* CoreVideo.framework in Frameworks */,
				65B609F6153DF6E800A57B15 /* libiconv.dylib in Frameworks */,
				65B609F7153DF6E800A57B15 /* AVFoundation.framework in Frameworks */,
				65B609F8153DF6E800A57B15 /* CFNetwork.framework in Frameworks */,
				65B609F9153DF6E800A57B15 /* AddressBook.framework in Frameworks */,
				65B609FA153DF6E800A57B15 /* AddressBookUI.framework in Frameworks */,
				65B609FB153DF6E800A57B15 /* AudioToolbox.framework in Frameworks */,
				65B609FC153DF6E800A57B15 /* CoreMotion.framework in Frameworks */,
				65B609FE153DF6E800A57B15 /* libxml2.dylib in Frameworks */,
				65B609FF153DF6E800A57B15 /* libz.dylib in Frameworks */,
				65B60A00153DF6E800A57B15 /* MessageUI.framework in Frameworks */,
				65B60A01153DF6E800A57B15 /* Twitter.framework in Frameworks */,
				65B60A02153DF6E800A57B15 /* UIKit.framework in Frameworks */,
				65B60A03153DF6E800A57B15 /* Foundation.framework in Frameworks */,
				65B60A04153DF6E800A57B15 /* CoreGraphics.framework in Frameworks */,
			);
			runOnlyForDeploymentPostprocessing = 0;
		};
/* End PBXFrameworksBuildPhase section */

/* Begin PBXGroup section */
		1B1167A614C6CE75000AD289 = {
			isa = PBXGroup;
			children = (
				254F180E1536FEE400330C61 /* NicamApp_small.png */,
				254F180C1536FE2300330C61 /* NicamApp.png */,
				1B1167BB14C6CE76000AD289 /* Demo Project */,
				1B1167B414C6CE76000AD289 /* Frameworks */,
				1B1167B214C6CE76000AD289 /* Products */,
				254F18041536F5D700330C61 /* Settings.bundle */,
				65B60A1C153DF80000A57B15 /* Dependencies */,
			);
			sourceTree = "<group>";
		};
		1B1167B214C6CE76000AD289 /* Products */ = {
			isa = PBXGroup;
			children = (
				1B1167B114C6CE76000AD289 /* Mobile SDK Demo Project.app */,
				65B60A12153DF6E800A57B15 /* Mobile SDK Demo Project.app */,
			);
			name = Products;
			sourceTree = "<group>";
		};
		1B1167B414C6CE76000AD289 /* Frameworks */ = {
			isa = PBXGroup;
			children = (
				1BEC3670156FA2DC00D30508 /* libc++.dylib */,
				254F17EC1536ED9E00330C61 /* SitecoreMobileSDK.framework */,
				1B2C80451532B49000A087D1 /* libsqlite3.dylib */,
				1B0D872D1519E44300EC4A92 /* CoreLocation.framework */,
				1B0D872B1519E43500EC4A92 /* MapKit.framework */,
				1BBCAB1A1510CF1800199B37 /* CoreMedia.framework */,
				1BBCAB181510CF0A00199B37 /* CoreVideo.framework */,
				1BBCAB161510CEF400199B37 /* libiconv.dylib */,
				1BBCAB141510CEDB00199B37 /* AVFoundation.framework */,
				1B1167ED14C6CF53000AD289 /* CFNetwork.framework */,
				1B1167D514C6CEB8000AD289 /* AddressBook.framework */,
				1B1167D614C6CEB8000AD289 /* AddressBookUI.framework */,
				1B1167D714C6CEB8000AD289 /* AudioToolbox.framework */,
				1B1167D814C6CEB8000AD289 /* CoreMotion.framework */,
				1B1167D914C6CEB8000AD289 /* libstdc++.dylib */,
				1B1167DA14C6CEB8000AD289 /* libxml2.dylib */,
				1B1167DB14C6CEB8000AD289 /* libz.dylib */,
				1B1167DC14C6CEB8000AD289 /* MessageUI.framework */,
				1B1167DD14C6CEB8000AD289 /* Twitter.framework */,
				1B1167B514C6CE76000AD289 /* UIKit.framework */,
				1B1167B714C6CE76000AD289 /* Foundation.framework */,
				1B1167B914C6CE76000AD289 /* CoreGraphics.framework */,
			);
			name = Frameworks;
			sourceTree = "<group>";
		};
		1B1167BB14C6CE76000AD289 /* Demo Project */ = {
			isa = PBXGroup;
			children = (
				254F17F61536F32800330C61 /* Navigation Bar */,
				1B1167C414C6CE76000AD289 /* AppDelegate.h */,
				1B1167C514C6CE76000AD289 /* AppDelegate.m */,
				1B1167CA14C6CE76000AD289 /* MainStoryboard.storyboard */,
				1B1167CD14C6CE76000AD289 /* ViewController.h */,
				1B1167CE14C6CE76000AD289 /* ViewController.m */,
				1B1167BC14C6CE76000AD289 /* Supporting Files */,
			);
			name = "Demo Project";
			path = SampleApp;
			sourceTree = "<group>";
		};
		1B1167BC14C6CE76000AD289 /* Supporting Files */ = {
			isa = PBXGroup;
			children = (
				1B1167BD14C6CE76000AD289 /* Demo Project-Info.plist */,
				1B1167BE14C6CE76000AD289 /* InfoPlist.strings */,
				1B1167C114C6CE76000AD289 /* main.m */,
				1B1167C314C6CE76000AD289 /* Demo Project-Prefix.pch */,
			);
			name = "Supporting Files";
			sourceTree = "<group>";
		};
		254F17F61536F32800330C61 /* Navigation Bar */ = {
			isa = PBXGroup;
			children = (
				254F17F71536F32800330C61 /* arrowleft.png */,
				254F17F81536F32800330C61 /* arrowright.png */,
				254F17F91536F32800330C61 /* bg_black.png */,
				254F17FA1536F32800330C61 /* NavigationToolbar.h */,
				254F17FB1536F32800330C61 /* NavigationToolbar.m */,
			);
			path = "Navigation Bar";
			sourceTree = "<group>";
		};
		65B60A1C153DF80000A57B15 /* Dependencies */ = {
			isa = PBXGroup;
			children = (
				65B60A1D153DF82100A57B15 /* SCAllMobileSDKLibs.xcodeproj */,
			);
			name = Dependencies;
			sourceTree = "<group>";
		};
		65B60A1E153DF82100A57B15 /* Products */ = {
			isa = PBXGroup;
			children = (
				65B60A71153DF82400A57B15 /* libSCAllMobileSDKLibs.a */,
			);
			name = Products;
			sourceTree = "<group>";
		};
/* End PBXGroup section */

/* Begin PBXNativeTarget section */
		1B1167B014C6CE76000AD289 /* Demo Project */ = {
			isa = PBXNativeTarget;
			buildConfigurationList = 1B1167D214C6CE76000AD289 /* Build configuration list for PBXNativeTarget "Demo Project" */;
			buildPhases = (
				1B1167AD14C6CE76000AD289 /* Sources */,
				1B1167AE14C6CE76000AD289 /* Frameworks */,
				1B1167AF14C6CE76000AD289 /* Resources */,
			);
			buildRules = (
			);
			dependencies = (
			);
			name = "Demo Project";
			productName = SampleApp;
			productReference = 1B1167B114C6CE76000AD289 /* Mobile SDK Demo Project.app */;
			productType = "com.apple.product-type.application";
		};
		65B609EA153DF6E800A57B15 /* Demo Project Lib */ = {
			isa = PBXNativeTarget;
			buildConfigurationList = 65B60A0F153DF6E800A57B15 /* Build configuration list for PBXNativeTarget "Demo Project Lib" */;
			buildPhases = (
				65B609EB153DF6E800A57B15 /* Sources */,
				65B609F0153DF6E800A57B15 /* Frameworks */,
				65B60A06153DF6E800A57B15 /* Resources */,
			);
			buildRules = (
			);
			dependencies = (
				65B60A87153DF83500A57B15 /* PBXTargetDependency */,
			);
			name = "Demo Project Lib";
			productName = SampleApp;
			productReference = 65B60A12153DF6E800A57B15 /* Mobile SDK Demo Project.app */;
			productType = "com.apple.product-type.application";
		};
/* End PBXNativeTarget section */

/* Begin PBXProject section */
		1B1167A814C6CE75000AD289 /* Project object */ = {
			isa = PBXProject;
			attributes = {
				LastUpgradeCheck = 0430;
			};
			buildConfigurationList = 1B1167AB14C6CE75000AD289 /* Build configuration list for PBXProject "Demo Project" */;
			compatibilityVersion = "Xcode 3.2";
			developmentRegion = English;
			hasScannedForEncodings = 0;
			knownRegions = (
				en,
			);
			mainGroup = 1B1167A614C6CE75000AD289;
			productRefGroup = 1B1167B214C6CE76000AD289 /* Products */;
			projectDirPath = "";
			projectReferences = (
				{
					ProductGroup = 65B60A1E153DF82100A57B15 /* Products */;
					ProjectRef = 65B60A1D153DF82100A57B15 /* SCAllMobileSDKLibs.xcodeproj */;
				},
			);
			projectRoot = "";
			targets = (
				1B1167B014C6CE76000AD289 /* Demo Project */,
				65B609EA153DF6E800A57B15 /* Demo Project Lib */,
			);
		};
/* End PBXProject section */

/* Begin PBXReferenceProxy section */
		65B60A71153DF82400A57B15 /* libSCAllMobileSDKLibs.a */ = {
			isa = PBXReferenceProxy;
			fileType = archive.ar;
			path = libSCAllMobileSDKLibs.a;
			remoteRef = 65B60A70153DF82400A57B15 /* PBXContainerItemProxy */;
			sourceTree = BUILT_PRODUCTS_DIR;
		};
/* End PBXReferenceProxy section */

/* Begin PBXResourcesBuildPhase section */
		1B1167AF14C6CE76000AD289 /* Resources */ = {
			isa = PBXResourcesBuildPhase;
			buildActionMask = 2147483647;
			files = (
				1B1167C014C6CE76000AD289 /* InfoPlist.strings in Resources */,
				1B1167CC14C6CE76000AD289 /* MainStoryboard.storyboard in Resources */,
				254F17FC1536F32800330C61 /* arrowleft.png in Resources */,
				254F17FD1536F32800330C61 /* arrowright.png in Resources */,
				254F17FE1536F32800330C61 /* bg_black.png in Resources */,
				254F180D1536FE2300330C61 /* NicamApp.png in Resources */,
				254F180F1536FEE400330C61 /* NicamApp_small.png in Resources */,
				25BD423715371E1E00839195 /* Settings.bundle in Resources */,
			);
			runOnlyForDeploymentPostprocessing = 0;
		};
		65B60A06153DF6E800A57B15 /* Resources */ = {
			isa = PBXResourcesBuildPhase;
			buildActionMask = 2147483647;
			files = (
				65B60A07153DF6E800A57B15 /* InfoPlist.strings in Resources */,
				65B60A08153DF6E800A57B15 /* MainStoryboard.storyboard in Resources */,
				65B60A09153DF6E800A57B15 /* arrowleft.png in Resources */,
				65B60A0A153DF6E800A57B15 /* arrowright.png in Resources */,
				65B60A0B153DF6E800A57B15 /* bg_black.png in Resources */,
				65B60A0C153DF6E800A57B15 /* NicamApp.png in Resources */,
				65B60A0D153DF6E800A57B15 /* NicamApp_small.png in Resources */,
				65B60A0E153DF6E800A57B15 /* Settings.bundle in Resources */,
			);
			runOnlyForDeploymentPostprocessing = 0;
		};
/* End PBXResourcesBuildPhase section */

/* Begin PBXSourcesBuildPhase section */
		1B1167AD14C6CE76000AD289 /* Sources */ = {
			isa = PBXSourcesBuildPhase;
			buildActionMask = 2147483647;
			files = (
				1B1167C214C6CE76000AD289 /* main.m in Sources */,
				1B1167C614C6CE76000AD289 /* AppDelegate.m in Sources */,
				1B1167CF14C6CE76000AD289 /* ViewController.m in Sources */,
				254F17FF1536F32800330C61 /* NavigationToolbar.m in Sources */,
			);
			runOnlyForDeploymentPostprocessing = 0;
		};
		65B609EB153DF6E800A57B15 /* Sources */ = {
			isa = PBXSourcesBuildPhase;
			buildActionMask = 2147483647;
			files = (
				65B609EC153DF6E800A57B15 /* main.m in Sources */,
				65B609ED153DF6E800A57B15 /* AppDelegate.m in Sources */,
				65B609EE153DF6E800A57B15 /* ViewController.m in Sources */,
				65B609EF153DF6E800A57B15 /* NavigationToolbar.m in Sources */,
			);
			runOnlyForDeploymentPostprocessing = 0;
		};
/* End PBXSourcesBuildPhase section */

/* Begin PBXTargetDependency section */
		65B60A87153DF83500A57B15 /* PBXTargetDependency */ = {
			isa = PBXTargetDependency;
			name = SCAllMobileSDKLibs;
			targetProxy = 65B60A86153DF83500A57B15 /* PBXContainerItemProxy */;
		};
/* End PBXTargetDependency section */

/* Begin PBXVariantGroup section */
		1B1167BE14C6CE76000AD289 /* InfoPlist.strings */ = {
			isa = PBXVariantGroup;
			children = (
				1B1167BF14C6CE76000AD289 /* en */,
			);
			name = InfoPlist.strings;
			sourceTree = "<group>";
		};
		1B1167CA14C6CE76000AD289 /* MainStoryboard.storyboard */ = {
			isa = PBXVariantGroup;
			children = (
				1B1167CB14C6CE76000AD289 /* en */,
			);
			name = MainStoryboard.storyboard;
			sourceTree = "<group>";
		};
/* End PBXVariantGroup section */

/* Begin XCBuildConfiguration section */
		1B1167D014C6CE76000AD289 /* Debug */ = {
			isa = XCBuildConfiguration;
			buildSettings = {
				ALWAYS_SEARCH_USER_PATHS = NO;
				ARCHS = "$(ARCHS_STANDARD_32_BIT)";
				CLANG_ENABLE_OBJC_ARC = YES;
				"CODE_SIGN_IDENTITY[sdk=iphoneos*]" = "iPhone Developer";
				COPY_PHASE_STRIP = NO;
				GCC_DYNAMIC_NO_PIC = NO;
				GCC_OPTIMIZATION_LEVEL = 0;
				GCC_PREPROCESSOR_DEFINITIONS = (
					"DEBUG=1",
					"$(inherited)",
				);
				GCC_SYMBOLS_PRIVATE_EXTERN = NO;
				GCC_VERSION = com.apple.compilers.llvm.clang.1_0;
				GCC_WARN_ABOUT_MISSING_PROTOTYPES = YES;
				GCC_WARN_ABOUT_RETURN_TYPE = YES;
				GCC_WARN_UNUSED_VARIABLE = YES;
				IPHONEOS_DEPLOYMENT_TARGET = 5.0;
				SDKROOT = iphoneos;
				TARGETED_DEVICE_FAMILY = "1,2";
			};
			name = Debug;
		};
		1B1167D114C6CE76000AD289 /* Release */ = {
			isa = XCBuildConfiguration;
			buildSettings = {
				ALWAYS_SEARCH_USER_PATHS = NO;
				ARCHS = "$(ARCHS_STANDARD_32_BIT)";
				CLANG_ENABLE_OBJC_ARC = YES;
				"CODE_SIGN_IDENTITY[sdk=iphoneos*]" = "iPhone Developer";
				COPY_PHASE_STRIP = YES;
				GCC_VERSION = com.apple.compilers.llvm.clang.1_0;
				GCC_WARN_ABOUT_MISSING_PROTOTYPES = YES;
				GCC_WARN_ABOUT_RETURN_TYPE = YES;
				GCC_WARN_UNUSED_VARIABLE = YES;
				IPHONEOS_DEPLOYMENT_TARGET = 5.0;
				OTHER_CFLAGS = "-DNS_BLOCK_ASSERTIONS=1";
				SDKROOT = iphoneos;
				TARGETED_DEVICE_FAMILY = "1,2";
				VALIDATE_PRODUCT = YES;
			};
			name = Release;
		};
		1B1167D314C6CE76000AD289 /* Debug */ = {
			isa = XCBuildConfiguration;
			buildSettings = {
				CODE_SIGN_IDENTITY = "iPhone Developer";
				"CODE_SIGN_IDENTITY[sdk=iphoneos*]" = "iPhone Developer";
				FRAMEWORK_SEARCH_PATHS = (
					"$(inherited)",
					"\"$(SRCROOT)/../../deployment\"",
				);
				GCC_PRECOMPILE_PREFIX_HEADER = YES;
				GCC_PREFIX_HEADER = "SampleApp/Demo Project-Prefix.pch";
				INFOPLIST_FILE = "SampleApp/Demo Project-Info.plist";
				OTHER_LDFLAGS = (
					"-ObjC",
					"-all_load",
				);
				PRODUCT_NAME = "Mobile SDK Demo Project";
				PROVISIONING_PROFILE = "";
				"PROVISIONING_PROFILE[sdk=iphoneos*]" = "";
				TARGETED_DEVICE_FAMILY = "1,2";
				WRAPPER_EXTENSION = app;
			};
			name = Debug;
		};
		1B1167D414C6CE76000AD289 /* Release */ = {
			isa = XCBuildConfiguration;
			buildSettings = {
				CODE_SIGN_IDENTITY = "iPhone Developer";
				"CODE_SIGN_IDENTITY[sdk=iphoneos*]" = "iPhone Developer";
				FRAMEWORK_SEARCH_PATHS = (
					"$(inherited)",
					"\"$(SRCROOT)/../../deployment\"",
				);
				GCC_PRECOMPILE_PREFIX_HEADER = YES;
				GCC_PREFIX_HEADER = "SampleApp/Demo Project-Prefix.pch";
				INFOPLIST_FILE = "SampleApp/Demo Project-Info.plist";
				OTHER_LDFLAGS = (
					"-ObjC",
					"-all_load",
				);
				PRODUCT_NAME = "Mobile SDK Demo Project";
				PROVISIONING_PROFILE = "";
				"PROVISIONING_PROFILE[sdk=iphoneos*]" = "";
				TARGETED_DEVICE_FAMILY = "1,2";
				WRAPPER_EXTENSION = app;
			};
			name = Release;
		};
		65B60A10153DF6E800A57B15 /* Debug */ = {
			isa = XCBuildConfiguration;
			buildSettings = {
				CODE_SIGN_IDENTITY = "iPhone Developer";
				"CODE_SIGN_IDENTITY[sdk=iphoneos*]" = "iPhone Developer";
				GCC_PRECOMPILE_PREFIX_HEADER = YES;
				GCC_PREFIX_HEADER = "SampleApp/Demo Project-Prefix.pch";
				HEADER_SEARCH_PATHS = (
					../../lib/SCWebView,
					../../lib/SitecoreMobileSDK,
					../../lib/SCUI,
					../../lib/SCUtils,
					../../lib/SCApi,
					../../lib/SCQRCodeReader,
					../../lib/SCMap,
				);
				INFOPLIST_FILE = "SampleApp/Demo Project-Info.plist";
				OTHER_LDFLAGS = (
					"-ObjC",
					"-all_load",
				);
				PRODUCT_NAME = "Mobile SDK Demo Project";
				PROVISIONING_PROFILE = "";
				"PROVISIONING_PROFILE[sdk=iphoneos*]" = "";
				TARGETED_DEVICE_FAMILY = "1,2";
				WRAPPER_EXTENSION = app;
			};
			name = Debug;
		};
		65B60A11153DF6E800A57B15 /* Release */ = {
			isa = XCBuildConfiguration;
			buildSettings = {
				CODE_SIGN_IDENTITY = "iPhone Developer";
				"CODE_SIGN_IDENTITY[sdk=iphoneos*]" = "iPhone Developer";
				GCC_PRECOMPILE_PREFIX_HEADER = YES;
				GCC_PREFIX_HEADER = "SampleApp/Demo Project-Prefix.pch";
				HEADER_SEARCH_PATHS = (
					../../lib/SCWebView,
					../../lib/SitecoreMobileSDK,
					../../lib/SCUI,
					../../lib/SCUtils,
					../../lib/SCApi,
					../../lib/SCQRCodeReader,
					../../lib/SCMap,
				);
				INFOPLIST_FILE = "SampleApp/Demo Project-Info.plist";
				OTHER_LDFLAGS = (
					"-ObjC",
					"-all_load",
				);
				PRODUCT_NAME = "Mobile SDK Demo Project";
				PROVISIONING_PROFILE = "";
				"PROVISIONING_PROFILE[sdk=iphoneos*]" = "";
				TARGETED_DEVICE_FAMILY = "1,2";
				WRAPPER_EXTENSION = app;
			};
			name = Release;
		};
/* End XCBuildConfiguration section */

/* Begin XCConfigurationList section */
		1B1167AB14C6CE75000AD289 /* Build configuration list for PBXProject "Demo Project" */ = {
			isa = XCConfigurationList;
			buildConfigurations = (
				1B1167D014C6CE76000AD289 /* Debug */,
				1B1167D114C6CE76000AD289 /* Release */,
			);
			defaultConfigurationIsVisible = 0;
			defaultConfigurationName = Release;
		};
		1B1167D214C6CE76000AD289 /* Build configuration list for PBXNativeTarget "Demo Project" */ = {
			isa = XCConfigurationList;
			buildConfigurations = (
				1B1167D314C6CE76000AD289 /* Debug */,
				1B1167D414C6CE76000AD289 /* Release */,
			);
			defaultConfigurationIsVisible = 0;
			defaultConfigurationName = Release;
		};
		65B60A0F153DF6E800A57B15 /* Build configuration list for PBXNativeTarget "Demo Project Lib" */ = {
			isa = XCConfigurationList;
			buildConfigurations = (
				65B60A10153DF6E800A57B15 /* Debug */,
				65B60A11153DF6E800A57B15 /* Release */,
			);
			defaultConfigurationIsVisible = 0;
			defaultConfigurationName = Release;
		};
/* End XCConfigurationList section */
	};
	rootObject = 1B1167A814C6CE75000AD289 /* Project object */;
}
